// !$*UTF8*$!
{
	archiveVersion = 1;
	classes = {
	};
	objectVersion = 56;
	objects = {

/* Begin PBXBuildFile section */
		071C83DC2C66E1CB0055C393 /* JunctionApp.swift in Sources */ = {isa = PBXBuildFile; fileRef = 071C83DB2C66E1CB0055C393 /* JunctionApp.swift */; };
		071C83E02C66E1CC0055C393 /* Assets.xcassets in Resources */ = {isa = PBXBuildFile; fileRef = 071C83DF2C66E1CC0055C393 /* Assets.xcassets */; };
		071C83E42C66E1CC0055C393 /* Preview Assets.xcassets in Resources */ = {isa = PBXBuildFile; fileRef = 071C83E32C66E1CC0055C393 /* Preview Assets.xcassets */; };
		071C841A2C66E30A0055C393 /* APIService.swift in Sources */ = {isa = PBXBuildFile; fileRef = 071C83EA2C66E30A0055C393 /* APIService.swift */; };
		071C841B2C66E30A0055C393 /* EndPoint.swift in Sources */ = {isa = PBXBuildFile; fileRef = 071C83EB2C66E30A0055C393 /* EndPoint.swift */; };
		071C841C2C66E30A0055C393 /* AssistantInteractionFacadeImpl.swift in Sources */ = {isa = PBXBuildFile; fileRef = 071C83ED2C66E30A0055C393 /* AssistantInteractionFacadeImpl.swift */; };
		071C841D2C66E30A0055C393 /* MessageRepositoryImpl.swift in Sources */ = {isa = PBXBuildFile; fileRef = 071C83EF2C66E30A0055C393 /* MessageRepositoryImpl.swift */; };
		071C841E2C66E30A0055C393 /* RunRepositoryImpl.swift in Sources */ = {isa = PBXBuildFile; fileRef = 071C83F02C66E30A0055C393 /* RunRepositoryImpl.swift */; };
		071C841F2C66E30A0055C393 /* RunStepRepositoryImpl.swift in Sources */ = {isa = PBXBuildFile; fileRef = 071C83F12C66E30A0055C393 /* RunStepRepositoryImpl.swift */; };
		071C84202C66E30A0055C393 /* ThreadRepositoryImpl.swift in Sources */ = {isa = PBXBuildFile; fileRef = 071C83F22C66E30A0055C393 /* ThreadRepositoryImpl.swift */; };
		071C84212C66E30A0055C393 /* DIContainer.swift in Sources */ = {isa = PBXBuildFile; fileRef = 071C83F52C66E30A0055C393 /* DIContainer.swift */; };
		071C84222C66E30A0055C393 /* NavigationManager.swift in Sources */ = {isa = PBXBuildFile; fileRef = 071C83F62C66E30A0055C393 /* NavigationManager.swift */; };
		071C84232C66E30A0055C393 /* MainViewModel.swift in Sources */ = {isa = PBXBuildFile; fileRef = 071C83F82C66E30A0055C393 /* MainViewModel.swift */; };
		071C84242C66E30A0055C393 /* ContentView.swift in Sources */ = {isa = PBXBuildFile; fileRef = 071C83FA2C66E30A0055C393 /* ContentView.swift */; };
		071C84252C66E30A0055C393 /* MainView.swift in Sources */ = {isa = PBXBuildFile; fileRef = 071C83FB2C66E30A0055C393 /* MainView.swift */; };
		071C84262C66E30A0055C393 /* CreateMessageResponse.swift in Sources */ = {isa = PBXBuildFile; fileRef = 071C83FE2C66E30A0055C393 /* CreateMessageResponse.swift */; };
		071C84272C66E30A0055C393 /* Message.swift in Sources */ = {isa = PBXBuildFile; fileRef = 071C83FF2C66E30A0055C393 /* Message.swift */; };
		071C84282C66E30A0055C393 /* MessageBody.swift in Sources */ = {isa = PBXBuildFile; fileRef = 071C84002C66E30A0055C393 /* MessageBody.swift */; };
		071C84292C66E30A0055C393 /* RetrieveMessageResponse.swift in Sources */ = {isa = PBXBuildFile; fileRef = 071C84012C66E30A0055C393 /* RetrieveMessageResponse.swift */; };
		071C842A2C66E30A0055C393 /* RunRequest.swift in Sources */ = {isa = PBXBuildFile; fileRef = 071C84032C66E30A0055C393 /* RunRequest.swift */; };
		071C842B2C66E30A0055C393 /* RunResponse.swift in Sources */ = {isa = PBXBuildFile; fileRef = 071C84042C66E30A0055C393 /* RunResponse.swift */; };
		071C842C2C66E30A0055C393 /* RunStepResponse.swift in Sources */ = {isa = PBXBuildFile; fileRef = 071C84062C66E30A0055C393 /* RunStepResponse.swift */; };
		071C842D2C66E30A0055C393 /* ThreadResponse.swift in Sources */ = {isa = PBXBuildFile; fileRef = 071C84082C66E30A0055C393 /* ThreadResponse.swift */; };
		071C842E2C66E30A0055C393 /* AssistantInteractionFacade.swift in Sources */ = {isa = PBXBuildFile; fileRef = 071C840B2C66E30A0055C393 /* AssistantInteractionFacade.swift */; };
		071C842F2C66E30A0055C393 /* MessageRepository.swift in Sources */ = {isa = PBXBuildFile; fileRef = 071C840D2C66E30A0055C393 /* MessageRepository.swift */; };
		071C84302C66E30A0055C393 /* RunRepository.swift in Sources */ = {isa = PBXBuildFile; fileRef = 071C840E2C66E30A0055C393 /* RunRepository.swift */; };
		071C84312C66E30A0055C393 /* RunStepRepository.swift in Sources */ = {isa = PBXBuildFile; fileRef = 071C840F2C66E30A0055C393 /* RunStepRepository.swift */; };
		071C84322C66E30A0055C393 /* ThreadRepository.swift in Sources */ = {isa = PBXBuildFile; fileRef = 071C84102C66E30A0055C393 /* ThreadRepository.swift */; };
		071C84332C66E30A0055C393 /* CreateMessageUseCase.swift in Sources */ = {isa = PBXBuildFile; fileRef = 071C84132C66E30A0055C393 /* CreateMessageUseCase.swift */; };
		071C84342C66E30A0055C393 /* CreateRunUseCase.swift in Sources */ = {isa = PBXBuildFile; fileRef = 071C84142C66E30A0055C393 /* CreateRunUseCase.swift */; };
		071C84352C66E30B0055C393 /* CreateThreadUseCase.swift in Sources */ = {isa = PBXBuildFile; fileRef = 071C84152C66E30A0055C393 /* CreateThreadUseCase.swift */; };
		071C84362C66E30B0055C393 /* ListRunStepUseCase.swift in Sources */ = {isa = PBXBuildFile; fileRef = 071C84162C66E30A0055C393 /* ListRunStepUseCase.swift */; };
		071C84372C66E30B0055C393 /* RetrieveMessageUseCase.swift in Sources */ = {isa = PBXBuildFile; fileRef = 071C84172C66E30A0055C393 /* RetrieveMessageUseCase.swift */; };
		071C84392C66E3260055C393 /* Secrets.xcconfig in Resources */ = {isa = PBXBuildFile; fileRef = 071C84382C66E3260055C393 /* Secrets.xcconfig */; };
/* End PBXBuildFile section */

/* Begin PBXFileReference section */
		071C83D82C66E1CB0055C393 /* Junction.app */ = {isa = PBXFileReference; explicitFileType = wrapper.application; includeInIndex = 0; path = Junction.app; sourceTree = BUILT_PRODUCTS_DIR; };
		071C83DB2C66E1CB0055C393 /* JunctionApp.swift */ = {isa = PBXFileReference; lastKnownFileType = sourcecode.swift; path = JunctionApp.swift; sourceTree = "<group>"; };
		071C83DF2C66E1CC0055C393 /* Assets.xcassets */ = {isa = PBXFileReference; lastKnownFileType = folder.assetcatalog; path = Assets.xcassets; sourceTree = "<group>"; };
		071C83E12C66E1CC0055C393 /* Junction.entitlements */ = {isa = PBXFileReference; lastKnownFileType = text.plist.entitlements; path = Junction.entitlements; sourceTree = "<group>"; };
		071C83E32C66E1CC0055C393 /* Preview Assets.xcassets */ = {isa = PBXFileReference; lastKnownFileType = folder.assetcatalog; path = "Preview Assets.xcassets"; sourceTree = "<group>"; };
		071C83EA2C66E30A0055C393 /* APIService.swift */ = {isa = PBXFileReference; fileEncoding = 4; lastKnownFileType = sourcecode.swift; path = APIService.swift; sourceTree = "<group>"; };
		071C83EB2C66E30A0055C393 /* EndPoint.swift */ = {isa = PBXFileReference; fileEncoding = 4; lastKnownFileType = sourcecode.swift; path = EndPoint.swift; sourceTree = "<group>"; };
		071C83ED2C66E30A0055C393 /* AssistantInteractionFacadeImpl.swift */ = {isa = PBXFileReference; fileEncoding = 4; lastKnownFileType = sourcecode.swift; path = AssistantInteractionFacadeImpl.swift; sourceTree = "<group>"; };
		071C83EF2C66E30A0055C393 /* MessageRepositoryImpl.swift */ = {isa = PBXFileReference; fileEncoding = 4; lastKnownFileType = sourcecode.swift; path = MessageRepositoryImpl.swift; sourceTree = "<group>"; };
		071C83F02C66E30A0055C393 /* RunRepositoryImpl.swift */ = {isa = PBXFileReference; fileEncoding = 4; lastKnownFileType = sourcecode.swift; path = RunRepositoryImpl.swift; sourceTree = "<group>"; };
		071C83F12C66E30A0055C393 /* RunStepRepositoryImpl.swift */ = {isa = PBXFileReference; fileEncoding = 4; lastKnownFileType = sourcecode.swift; path = RunStepRepositoryImpl.swift; sourceTree = "<group>"; };
		071C83F22C66E30A0055C393 /* ThreadRepositoryImpl.swift */ = {isa = PBXFileReference; fileEncoding = 4; lastKnownFileType = sourcecode.swift; path = ThreadRepositoryImpl.swift; sourceTree = "<group>"; };
		071C83F52C66E30A0055C393 /* DIContainer.swift */ = {isa = PBXFileReference; fileEncoding = 4; lastKnownFileType = sourcecode.swift; path = DIContainer.swift; sourceTree = "<group>"; };
		071C83F62C66E30A0055C393 /* NavigationManager.swift */ = {isa = PBXFileReference; fileEncoding = 4; lastKnownFileType = sourcecode.swift; path = NavigationManager.swift; sourceTree = "<group>"; };
		071C83F82C66E30A0055C393 /* MainViewModel.swift */ = {isa = PBXFileReference; fileEncoding = 4; lastKnownFileType = sourcecode.swift; path = MainViewModel.swift; sourceTree = "<group>"; };
		071C83FA2C66E30A0055C393 /* ContentView.swift */ = {isa = PBXFileReference; fileEncoding = 4; lastKnownFileType = sourcecode.swift; path = ContentView.swift; sourceTree = "<group>"; };
		071C83FB2C66E30A0055C393 /* MainView.swift */ = {isa = PBXFileReference; fileEncoding = 4; lastKnownFileType = sourcecode.swift; path = MainView.swift; sourceTree = "<group>"; };
		071C83FE2C66E30A0055C393 /* CreateMessageResponse.swift */ = {isa = PBXFileReference; fileEncoding = 4; lastKnownFileType = sourcecode.swift; path = CreateMessageResponse.swift; sourceTree = "<group>"; };
		071C83FF2C66E30A0055C393 /* Message.swift */ = {isa = PBXFileReference; fileEncoding = 4; lastKnownFileType = sourcecode.swift; path = Message.swift; sourceTree = "<group>"; };
		071C84002C66E30A0055C393 /* MessageBody.swift */ = {isa = PBXFileReference; fileEncoding = 4; lastKnownFileType = sourcecode.swift; path = MessageBody.swift; sourceTree = "<group>"; };
		071C84012C66E30A0055C393 /* RetrieveMessageResponse.swift */ = {isa = PBXFileReference; fileEncoding = 4; lastKnownFileType = sourcecode.swift; path = RetrieveMessageResponse.swift; sourceTree = "<group>"; };
		071C84032C66E30A0055C393 /* RunRequest.swift */ = {isa = PBXFileReference; fileEncoding = 4; lastKnownFileType = sourcecode.swift; path = RunRequest.swift; sourceTree = "<group>"; };
		071C84042C66E30A0055C393 /* RunResponse.swift */ = {isa = PBXFileReference; fileEncoding = 4; lastKnownFileType = sourcecode.swift; path = RunResponse.swift; sourceTree = "<group>"; };
		071C84062C66E30A0055C393 /* RunStepResponse.swift */ = {isa = PBXFileReference; fileEncoding = 4; lastKnownFileType = sourcecode.swift; path = RunStepResponse.swift; sourceTree = "<group>"; };
		071C84082C66E30A0055C393 /* ThreadResponse.swift */ = {isa = PBXFileReference; fileEncoding = 4; lastKnownFileType = sourcecode.swift; path = ThreadResponse.swift; sourceTree = "<group>"; };
		071C840B2C66E30A0055C393 /* AssistantInteractionFacade.swift */ = {isa = PBXFileReference; fileEncoding = 4; lastKnownFileType = sourcecode.swift; path = AssistantInteractionFacade.swift; sourceTree = "<group>"; };
		071C840D2C66E30A0055C393 /* MessageRepository.swift */ = {isa = PBXFileReference; fileEncoding = 4; lastKnownFileType = sourcecode.swift; path = MessageRepository.swift; sourceTree = "<group>"; };
		071C840E2C66E30A0055C393 /* RunRepository.swift */ = {isa = PBXFileReference; fileEncoding = 4; lastKnownFileType = sourcecode.swift; path = RunRepository.swift; sourceTree = "<group>"; };
		071C840F2C66E30A0055C393 /* RunStepRepository.swift */ = {isa = PBXFileReference; fileEncoding = 4; lastKnownFileType = sourcecode.swift; path = RunStepRepository.swift; sourceTree = "<group>"; };
		071C84102C66E30A0055C393 /* ThreadRepository.swift */ = {isa = PBXFileReference; fileEncoding = 4; lastKnownFileType = sourcecode.swift; path = ThreadRepository.swift; sourceTree = "<group>"; };
		071C84132C66E30A0055C393 /* CreateMessageUseCase.swift */ = {isa = PBXFileReference; fileEncoding = 4; lastKnownFileType = sourcecode.swift; path = CreateMessageUseCase.swift; sourceTree = "<group>"; };
		071C84142C66E30A0055C393 /* CreateRunUseCase.swift */ = {isa = PBXFileReference; fileEncoding = 4; lastKnownFileType = sourcecode.swift; path = CreateRunUseCase.swift; sourceTree = "<group>"; };
		071C84152C66E30A0055C393 /* CreateThreadUseCase.swift */ = {isa = PBXFileReference; fileEncoding = 4; lastKnownFileType = sourcecode.swift; path = CreateThreadUseCase.swift; sourceTree = "<group>"; };
		071C84162C66E30A0055C393 /* ListRunStepUseCase.swift */ = {isa = PBXFileReference; fileEncoding = 4; lastKnownFileType = sourcecode.swift; path = ListRunStepUseCase.swift; sourceTree = "<group>"; };
		071C84172C66E30A0055C393 /* RetrieveMessageUseCase.swift */ = {isa = PBXFileReference; fileEncoding = 4; lastKnownFileType = sourcecode.swift; path = RetrieveMessageUseCase.swift; sourceTree = "<group>"; };
		071C84382C66E3260055C393 /* Secrets.xcconfig */ = {isa = PBXFileReference; fileEncoding = 4; lastKnownFileType = text.xcconfig; path = Secrets.xcconfig; sourceTree = "<group>"; };
		071C843A2C66E3690055C393 /* Info.plist */ = {isa = PBXFileReference; lastKnownFileType = text.plist; path = Info.plist; sourceTree = "<group>"; };
/* End PBXFileReference section */

/* Begin PBXFrameworksBuildPhase section */
		071C83D52C66E1CB0055C393 /* Frameworks */ = {
			isa = PBXFrameworksBuildPhase;
			buildActionMask = 2147483647;
			files = (
			);
			runOnlyForDeploymentPostprocessing = 0;
		};
/* End PBXFrameworksBuildPhase section */

/* Begin PBXGroup section */
		071C83CF2C66E1CB0055C393 = {
			isa = PBXGroup;
			children = (
				071C83DA2C66E1CB0055C393 /* Junction */,
				071C83D92C66E1CB0055C393 /* Products */,
			);
			sourceTree = "<group>";
		};
		071C83D92C66E1CB0055C393 /* Products */ = {
			isa = PBXGroup;
			children = (
				071C83D82C66E1CB0055C393 /* Junction.app */,
			);
			name = Products;
			sourceTree = "<group>";
		};
		071C83DA2C66E1CB0055C393 /* Junction */ = {
			isa = PBXGroup;
			children = (
				071C843A2C66E3690055C393 /* Info.plist */,
				071C83F42C66E30A0055C393 /* Data */,
				071C84192C66E30A0055C393 /* Domain */,
				071C83F72C66E30A0055C393 /* Infrastructure */,
				071C83FD2C66E30A0055C393 /* Presentation */,
				071C83DB2C66E1CB0055C393 /* JunctionApp.swift */,
				071C83DF2C66E1CC0055C393 /* Assets.xcassets */,
				071C83E12C66E1CC0055C393 /* Junction.entitlements */,
				071C84382C66E3260055C393 /* Secrets.xcconfig */,
				071C83E22C66E1CC0055C393 /* Preview Content */,
			);
			path = Junction;
			sourceTree = "<group>";
		};
		071C83E22C66E1CC0055C393 /* Preview Content */ = {
			isa = PBXGroup;
			children = (
				071C83E32C66E1CC0055C393 /* Preview Assets.xcassets */,
			);
			path = "Preview Content";
			sourceTree = "<group>";
		};
		071C83EC2C66E30A0055C393 /* API */ = {
			isa = PBXGroup;
			children = (
				071C83EA2C66E30A0055C393 /* APIService.swift */,
				071C83EB2C66E30A0055C393 /* EndPoint.swift */,
			);
			path = API;
			sourceTree = "<group>";
		};
		071C83EE2C66E30A0055C393 /* Facades */ = {
			isa = PBXGroup;
			children = (
				071C83ED2C66E30A0055C393 /* AssistantInteractionFacadeImpl.swift */,
			);
			path = Facades;
			sourceTree = "<group>";
		};
		071C83F32C66E30A0055C393 /* Repositories */ = {
			isa = PBXGroup;
			children = (
				071C83EF2C66E30A0055C393 /* MessageRepositoryImpl.swift */,
				071C83F02C66E30A0055C393 /* RunRepositoryImpl.swift */,
				071C83F12C66E30A0055C393 /* RunStepRepositoryImpl.swift */,
				071C83F22C66E30A0055C393 /* ThreadRepositoryImpl.swift */,
			);
			path = Repositories;
			sourceTree = "<group>";
		};
		071C83F42C66E30A0055C393 /* Data */ = {
			isa = PBXGroup;
			children = (
				071C83EC2C66E30A0055C393 /* API */,
				071C83EE2C66E30A0055C393 /* Facades */,
				071C83F32C66E30A0055C393 /* Repositories */,
			);
			path = Data;
			sourceTree = "<group>";
		};
		071C83F72C66E30A0055C393 /* Infrastructure */ = {
			isa = PBXGroup;
			children = (
				071C83F52C66E30A0055C393 /* DIContainer.swift */,
				071C83F62C66E30A0055C393 /* NavigationManager.swift */,
			);
			path = Infrastructure;
			sourceTree = "<group>";
		};
		071C83F92C66E30A0055C393 /* ViewModels */ = {
			isa = PBXGroup;
			children = (
				071C83F82C66E30A0055C393 /* MainViewModel.swift */,
			);
			path = ViewModels;
			sourceTree = "<group>";
		};
		071C83FC2C66E30A0055C393 /* Views */ = {
			isa = PBXGroup;
			children = (
				071C83FA2C66E30A0055C393 /* ContentView.swift */,
				071C83FB2C66E30A0055C393 /* MainView.swift */,
			);
			path = Views;
			sourceTree = "<group>";
		};
		071C83FD2C66E30A0055C393 /* Presentation */ = {
			isa = PBXGroup;
			children = (
				071C83F92C66E30A0055C393 /* ViewModels */,
				071C83FC2C66E30A0055C393 /* Views */,
			);
			path = Presentation;
			sourceTree = "<group>";
		};
		071C84022C66E30A0055C393 /* Message */ = {
			isa = PBXGroup;
			children = (
				071C83FE2C66E30A0055C393 /* CreateMessageResponse.swift */,
				071C83FF2C66E30A0055C393 /* Message.swift */,
				071C84002C66E30A0055C393 /* MessageBody.swift */,
				071C84012C66E30A0055C393 /* RetrieveMessageResponse.swift */,
			);
			path = Message;
			sourceTree = "<group>";
		};
		071C84052C66E30A0055C393 /* Run */ = {
			isa = PBXGroup;
			children = (
				071C84032C66E30A0055C393 /* RunRequest.swift */,
				071C84042C66E30A0055C393 /* RunResponse.swift */,
			);
			path = Run;
			sourceTree = "<group>";
		};
		071C84072C66E30A0055C393 /* RunStep */ = {
			isa = PBXGroup;
			children = (
				071C84062C66E30A0055C393 /* RunStepResponse.swift */,
			);
			path = RunStep;
			sourceTree = "<group>";
		};
		071C84092C66E30A0055C393 /* Thread */ = {
			isa = PBXGroup;
			children = (
				071C84082C66E30A0055C393 /* ThreadResponse.swift */,
			);
			path = Thread;
			sourceTree = "<group>";
		};
		071C840A2C66E30A0055C393 /* Entities */ = {
			isa = PBXGroup;
			children = (
				071C84022C66E30A0055C393 /* Message */,
				071C84052C66E30A0055C393 /* Run */,
				071C84072C66E30A0055C393 /* RunStep */,
				071C84092C66E30A0055C393 /* Thread */,
			);
			path = Entities;
			sourceTree = "<group>";
		};
		071C840C2C66E30A0055C393 /* Facades */ = {
			isa = PBXGroup;
			children = (
				071C840B2C66E30A0055C393 /* AssistantInteractionFacade.swift */,
			);
			path = Facades;
			sourceTree = "<group>";
		};
		071C84112C66E30A0055C393 /* Repositories */ = {
			isa = PBXGroup;
			children = (
				071C840D2C66E30A0055C393 /* MessageRepository.swift */,
				071C840E2C66E30A0055C393 /* RunRepository.swift */,
				071C840F2C66E30A0055C393 /* RunStepRepository.swift */,
				071C84102C66E30A0055C393 /* ThreadRepository.swift */,
			);
			path = Repositories;
			sourceTree = "<group>";
		};
		071C84122C66E30A0055C393 /* Interfaces */ = {
			isa = PBXGroup;
			children = (
				071C840C2C66E30A0055C393 /* Facades */,
				071C84112C66E30A0055C393 /* Repositories */,
			);
			path = Interfaces;
			sourceTree = "<group>";
		};
		071C84182C66E30A0055C393 /* UseCases */ = {
			isa = PBXGroup;
			children = (
				071C84132C66E30A0055C393 /* CreateMessageUseCase.swift */,
				071C84142C66E30A0055C393 /* CreateRunUseCase.swift */,
				071C84152C66E30A0055C393 /* CreateThreadUseCase.swift */,
				071C84162C66E30A0055C393 /* ListRunStepUseCase.swift */,
				071C84172C66E30A0055C393 /* RetrieveMessageUseCase.swift */,
			);
			path = UseCases;
			sourceTree = "<group>";
		};
		071C84192C66E30A0055C393 /* Domain */ = {
			isa = PBXGroup;
			children = (
				071C840A2C66E30A0055C393 /* Entities */,
				071C84122C66E30A0055C393 /* Interfaces */,
				071C84182C66E30A0055C393 /* UseCases */,
			);
			path = Domain;
			sourceTree = "<group>";
		};
/* End PBXGroup section */

/* Begin PBXNativeTarget section */
		071C83D72C66E1CB0055C393 /* Junction */ = {
			isa = PBXNativeTarget;
			buildConfigurationList = 071C83E72C66E1CC0055C393 /* Build configuration list for PBXNativeTarget "Junction" */;
			buildPhases = (
				071C83D42C66E1CB0055C393 /* Sources */,
				071C83D52C66E1CB0055C393 /* Frameworks */,
				071C83D62C66E1CB0055C393 /* Resources */,
			);
			buildRules = (
			);
			dependencies = (
			);
			name = Junction;
			productName = Junction;
			productReference = 071C83D82C66E1CB0055C393 /* Junction.app */;
			productType = "com.apple.product-type.application";
		};
/* End PBXNativeTarget section */

/* Begin PBXProject section */
		071C83D02C66E1CB0055C393 /* Project object */ = {
			isa = PBXProject;
			attributes = {
				BuildIndependentTargetsInParallel = 1;
				LastSwiftUpdateCheck = 1530;
				LastUpgradeCheck = 1530;
				TargetAttributes = {
					071C83D72C66E1CB0055C393 = {
						CreatedOnToolsVersion = 15.3;
					};
				};
			};
			buildConfigurationList = 071C83D32C66E1CB0055C393 /* Build configuration list for PBXProject "Junction" */;
			compatibilityVersion = "Xcode 14.0";
			developmentRegion = en;
			hasScannedForEncodings = 0;
			knownRegions = (
				en,
				Base,
			);
			mainGroup = 071C83CF2C66E1CB0055C393;
			productRefGroup = 071C83D92C66E1CB0055C393 /* Products */;
			projectDirPath = "";
			projectRoot = "";
			targets = (
				071C83D72C66E1CB0055C393 /* Junction */,
			);
		};
/* End PBXProject section */

/* Begin PBXResourcesBuildPhase section */
		071C83D62C66E1CB0055C393 /* Resources */ = {
			isa = PBXResourcesBuildPhase;
			buildActionMask = 2147483647;
			files = (
				071C83E42C66E1CC0055C393 /* Preview Assets.xcassets in Resources */,
				071C83E02C66E1CC0055C393 /* Assets.xcassets in Resources */,
				071C84392C66E3260055C393 /* Secrets.xcconfig in Resources */,
			);
			runOnlyForDeploymentPostprocessing = 0;
		};
/* End PBXResourcesBuildPhase section */

/* Begin PBXSourcesBuildPhase section */
		071C83D42C66E1CB0055C393 /* Sources */ = {
			isa = PBXSourcesBuildPhase;
			buildActionMask = 2147483647;
			files = (
				071C84222C66E30A0055C393 /* NavigationManager.swift in Sources */,
				071C84252C66E30A0055C393 /* MainView.swift in Sources */,
				071C841F2C66E30A0055C393 /* RunStepRepositoryImpl.swift in Sources */,
				071C842B2C66E30A0055C393 /* RunResponse.swift in Sources */,
				071C84212C66E30A0055C393 /* DIContainer.swift in Sources */,
				071C841A2C66E30A0055C393 /* APIService.swift in Sources */,
				071C841E2C66E30A0055C393 /* RunRepositoryImpl.swift in Sources */,
				071C84342C66E30A0055C393 /* CreateRunUseCase.swift in Sources */,
				071C84202C66E30A0055C393 /* ThreadRepositoryImpl.swift in Sources */,
				071C84302C66E30A0055C393 /* RunRepository.swift in Sources */,
				071C84372C66E30B0055C393 /* RetrieveMessageUseCase.swift in Sources */,
				071C84352C66E30B0055C393 /* CreateThreadUseCase.swift in Sources */,
				071C841B2C66E30A0055C393 /* EndPoint.swift in Sources */,
				071C84362C66E30B0055C393 /* ListRunStepUseCase.swift in Sources */,
				071C84332C66E30A0055C393 /* CreateMessageUseCase.swift in Sources */,
				071C84282C66E30A0055C393 /* MessageBody.swift in Sources */,
				071C841C2C66E30A0055C393 /* AssistantInteractionFacadeImpl.swift in Sources */,
				071C84322C66E30A0055C393 /* ThreadRepository.swift in Sources */,
				071C842D2C66E30A0055C393 /* ThreadResponse.swift in Sources */,
				071C83DC2C66E1CB0055C393 /* JunctionApp.swift in Sources */,
				071C84292C66E30A0055C393 /* RetrieveMessageResponse.swift in Sources */,
				071C842A2C66E30A0055C393 /* RunRequest.swift in Sources */,
				071C842E2C66E30A0055C393 /* AssistantInteractionFacade.swift in Sources */,
				071C842C2C66E30A0055C393 /* RunStepResponse.swift in Sources */,
				071C84312C66E30A0055C393 /* RunStepRepository.swift in Sources */,
				071C84242C66E30A0055C393 /* ContentView.swift in Sources */,
				071C84262C66E30A0055C393 /* CreateMessageResponse.swift in Sources */,
				071C84272C66E30A0055C393 /* Message.swift in Sources */,
				071C841D2C66E30A0055C393 /* MessageRepositoryImpl.swift in Sources */,
				071C84232C66E30A0055C393 /* MainViewModel.swift in Sources */,
				071C842F2C66E30A0055C393 /* MessageRepository.swift in Sources */,
			);
			runOnlyForDeploymentPostprocessing = 0;
		};
/* End PBXSourcesBuildPhase section */

/* Begin XCBuildConfiguration section */
		071C83E52C66E1CC0055C393 /* Debug */ = {
			isa = XCBuildConfiguration;
			buildSettings = {
				ALWAYS_SEARCH_USER_PATHS = NO;
				ASSETCATALOG_COMPILER_GENERATE_SWIFT_ASSET_SYMBOL_EXTENSIONS = YES;
				CLANG_ANALYZER_NONNULL = YES;
				CLANG_ANALYZER_NUMBER_OBJECT_CONVERSION = YES_AGGRESSIVE;
				CLANG_CXX_LANGUAGE_STANDARD = "gnu++20";
				CLANG_ENABLE_MODULES = YES;
				CLANG_ENABLE_OBJC_ARC = YES;
				CLANG_ENABLE_OBJC_WEAK = YES;
				CLANG_WARN_BLOCK_CAPTURE_AUTORELEASING = YES;
				CLANG_WARN_BOOL_CONVERSION = YES;
				CLANG_WARN_COMMA = YES;
				CLANG_WARN_CONSTANT_CONVERSION = YES;
				CLANG_WARN_DEPRECATED_OBJC_IMPLEMENTATIONS = YES;
				CLANG_WARN_DIRECT_OBJC_ISA_USAGE = YES_ERROR;
				CLANG_WARN_DOCUMENTATION_COMMENTS = YES;
				CLANG_WARN_EMPTY_BODY = YES;
				CLANG_WARN_ENUM_CONVERSION = YES;
				CLANG_WARN_INFINITE_RECURSION = YES;
				CLANG_WARN_INT_CONVERSION = YES;
				CLANG_WARN_NON_LITERAL_NULL_CONVERSION = YES;
				CLANG_WARN_OBJC_IMPLICIT_RETAIN_SELF = YES;
				CLANG_WARN_OBJC_LITERAL_CONVERSION = YES;
				CLANG_WARN_OBJC_ROOT_CLASS = YES_ERROR;
				CLANG_WARN_QUOTED_INCLUDE_IN_FRAMEWORK_HEADER = YES;
				CLANG_WARN_RANGE_LOOP_ANALYSIS = YES;
				CLANG_WARN_STRICT_PROTOTYPES = YES;
				CLANG_WARN_SUSPICIOUS_MOVE = YES;
				CLANG_WARN_UNGUARDED_AVAILABILITY = YES_AGGRESSIVE;
				CLANG_WARN_UNREACHABLE_CODE = YES;
				CLANG_WARN__DUPLICATE_METHOD_MATCH = YES;
				COPY_PHASE_STRIP = NO;
				DEBUG_INFORMATION_FORMAT = dwarf;
				ENABLE_STRICT_OBJC_MSGSEND = YES;
				ENABLE_TESTABILITY = YES;
				ENABLE_USER_SCRIPT_SANDBOXING = YES;
				GCC_C_LANGUAGE_STANDARD = gnu17;
				GCC_DYNAMIC_NO_PIC = NO;
				GCC_NO_COMMON_BLOCKS = YES;
				GCC_OPTIMIZATION_LEVEL = 0;
				GCC_PREPROCESSOR_DEFINITIONS = (
					"DEBUG=1",
					"$(inherited)",
				);
				GCC_WARN_64_TO_32_BIT_CONVERSION = YES;
				GCC_WARN_ABOUT_RETURN_TYPE = YES_ERROR;
				GCC_WARN_UNDECLARED_SELECTOR = YES;
				GCC_WARN_UNINITIALIZED_AUTOS = YES_AGGRESSIVE;
				GCC_WARN_UNUSED_FUNCTION = YES;
				GCC_WARN_UNUSED_VARIABLE = YES;
				LOCALIZATION_PREFERS_STRING_CATALOGS = YES;
				MTL_ENABLE_DEBUG_INFO = INCLUDE_SOURCE;
				MTL_FAST_MATH = YES;
				ONLY_ACTIVE_ARCH = YES;
				SWIFT_ACTIVE_COMPILATION_CONDITIONS = "DEBUG $(inherited)";
				SWIFT_OPTIMIZATION_LEVEL = "-Onone";
			};
			name = Debug;
		};
		071C83E62C66E1CC0055C393 /* Release */ = {
			isa = XCBuildConfiguration;
			buildSettings = {
				ALWAYS_SEARCH_USER_PATHS = NO;
				ASSETCATALOG_COMPILER_GENERATE_SWIFT_ASSET_SYMBOL_EXTENSIONS = YES;
				CLANG_ANALYZER_NONNULL = YES;
				CLANG_ANALYZER_NUMBER_OBJECT_CONVERSION = YES_AGGRESSIVE;
				CLANG_CXX_LANGUAGE_STANDARD = "gnu++20";
				CLANG_ENABLE_MODULES = YES;
				CLANG_ENABLE_OBJC_ARC = YES;
				CLANG_ENABLE_OBJC_WEAK = YES;
				CLANG_WARN_BLOCK_CAPTURE_AUTORELEASING = YES;
				CLANG_WARN_BOOL_CONVERSION = YES;
				CLANG_WARN_COMMA = YES;
				CLANG_WARN_CONSTANT_CONVERSION = YES;
				CLANG_WARN_DEPRECATED_OBJC_IMPLEMENTATIONS = YES;
				CLANG_WARN_DIRECT_OBJC_ISA_USAGE = YES_ERROR;
				CLANG_WARN_DOCUMENTATION_COMMENTS = YES;
				CLANG_WARN_EMPTY_BODY = YES;
				CLANG_WARN_ENUM_CONVERSION = YES;
				CLANG_WARN_INFINITE_RECURSION = YES;
				CLANG_WARN_INT_CONVERSION = YES;
				CLANG_WARN_NON_LITERAL_NULL_CONVERSION = YES;
				CLANG_WARN_OBJC_IMPLICIT_RETAIN_SELF = YES;
				CLANG_WARN_OBJC_LITERAL_CONVERSION = YES;
				CLANG_WARN_OBJC_ROOT_CLASS = YES_ERROR;
				CLANG_WARN_QUOTED_INCLUDE_IN_FRAMEWORK_HEADER = YES;
				CLANG_WARN_RANGE_LOOP_ANALYSIS = YES;
				CLANG_WARN_STRICT_PROTOTYPES = YES;
				CLANG_WARN_SUSPICIOUS_MOVE = YES;
				CLANG_WARN_UNGUARDED_AVAILABILITY = YES_AGGRESSIVE;
				CLANG_WARN_UNREACHABLE_CODE = YES;
				CLANG_WARN__DUPLICATE_METHOD_MATCH = YES;
				COPY_PHASE_STRIP = NO;
				DEBUG_INFORMATION_FORMAT = "dwarf-with-dsym";
				ENABLE_NS_ASSERTIONS = NO;
				ENABLE_STRICT_OBJC_MSGSEND = YES;
				ENABLE_USER_SCRIPT_SANDBOXING = YES;
				GCC_C_LANGUAGE_STANDARD = gnu17;
				GCC_NO_COMMON_BLOCKS = YES;
				GCC_WARN_64_TO_32_BIT_CONVERSION = YES;
				GCC_WARN_ABOUT_RETURN_TYPE = YES_ERROR;
				GCC_WARN_UNDECLARED_SELECTOR = YES;
				GCC_WARN_UNINITIALIZED_AUTOS = YES_AGGRESSIVE;
				GCC_WARN_UNUSED_FUNCTION = YES;
				GCC_WARN_UNUSED_VARIABLE = YES;
				LOCALIZATION_PREFERS_STRING_CATALOGS = YES;
				MTL_ENABLE_DEBUG_INFO = NO;
				MTL_FAST_MATH = YES;
				SWIFT_COMPILATION_MODE = wholemodule;
			};
			name = Release;
		};
		071C83E82C66E1CC0055C393 /* Debug */ = {
			isa = XCBuildConfiguration;
			baseConfigurationReference = 071C84382C66E3260055C393 /* Secrets.xcconfig */;
			buildSettings = {
				ASSETCATALOG_COMPILER_APPICON_NAME = AppIcon;
				ASSETCATALOG_COMPILER_GLOBAL_ACCENT_COLOR_NAME = AccentColor;
				CODE_SIGN_ENTITLEMENTS = Junction/Junction.entitlements;
				CODE_SIGN_STYLE = Automatic;
				CURRENT_PROJECT_VERSION = 1;
				DEVELOPMENT_ASSET_PATHS = "\"Junction/Preview Content\"";
				DEVELOPMENT_TEAM = VGKCD7Q8NW;
				ENABLE_HARDENED_RUNTIME = YES;
				ENABLE_PREVIEWS = YES;
				GENERATE_INFOPLIST_FILE = YES;
				INFOPLIST_FILE = Junction/Info.plist;
				"INFOPLIST_KEY_UIApplicationSceneManifest_Generation[sdk=iphoneos*]" = YES;
				"INFOPLIST_KEY_UIApplicationSceneManifest_Generation[sdk=iphonesimulator*]" = YES;
				"INFOPLIST_KEY_UIApplicationSupportsIndirectInputEvents[sdk=iphoneos*]" = YES;
				"INFOPLIST_KEY_UIApplicationSupportsIndirectInputEvents[sdk=iphonesimulator*]" = YES;
				"INFOPLIST_KEY_UILaunchScreen_Generation[sdk=iphoneos*]" = YES;
				"INFOPLIST_KEY_UILaunchScreen_Generation[sdk=iphonesimulator*]" = YES;
				"INFOPLIST_KEY_UIStatusBarStyle[sdk=iphoneos*]" = UIStatusBarStyleDefault;
				"INFOPLIST_KEY_UIStatusBarStyle[sdk=iphonesimulator*]" = UIStatusBarStyleDefault;
				INFOPLIST_KEY_UISupportedInterfaceOrientations_iPad = "UIInterfaceOrientationPortrait UIInterfaceOrientationPortraitUpsideDown UIInterfaceOrientationLandscapeLeft UIInterfaceOrientationLandscapeRight";
				INFOPLIST_KEY_UISupportedInterfaceOrientations_iPhone = "UIInterfaceOrientationPortrait UIInterfaceOrientationLandscapeLeft UIInterfaceOrientationLandscapeRight";
				IPHONEOS_DEPLOYMENT_TARGET = 17.4;
				LD_RUNPATH_SEARCH_PATHS = "@executable_path/Frameworks";
				"LD_RUNPATH_SEARCH_PATHS[sdk=macosx*]" = "@executable_path/../Frameworks";
				MACOSX_DEPLOYMENT_TARGET = 14.1;
				MARKETING_VERSION = 1.0;
				PRODUCT_BUNDLE_IDENTIFIER = com.eric.Junction;
				PRODUCT_NAME = "$(TARGET_NAME)";
				SDKROOT = auto;
				SUPPORTED_PLATFORMS = "iphoneos iphonesimulator";
				SUPPORTS_MACCATALYST = NO;
				SWIFT_EMIT_LOC_STRINGS = YES;
				SWIFT_VERSION = 5.0;
				TARGETED_DEVICE_FAMILY = "1,2";
			};
			name = Debug;
		};
		071C83E92C66E1CC0055C393 /* Release */ = {
			isa = XCBuildConfiguration;
			baseConfigurationReference = 071C84382C66E3260055C393 /* Secrets.xcconfig */;
			buildSettings = {
				ASSETCATALOG_COMPILER_APPICON_NAME = AppIcon;
				ASSETCATALOG_COMPILER_GLOBAL_ACCENT_COLOR_NAME = AccentColor;
				CODE_SIGN_ENTITLEMENTS = Junction/Junction.entitlements;
				CODE_SIGN_STYLE = Automatic;
				CURRENT_PROJECT_VERSION = 1;
				DEVELOPMENT_ASSET_PATHS = "\"Junction/Preview Content\"";
				DEVELOPMENT_TEAM = VGKCD7Q8NW;
				ENABLE_HARDENED_RUNTIME = YES;
				ENABLE_PREVIEWS = YES;
				GENERATE_INFOPLIST_FILE = YES;
				INFOPLIST_FILE = Junction/Info.plist;
				"INFOPLIST_KEY_UIApplicationSceneManifest_Generation[sdk=iphoneos*]" = YES;
				"INFOPLIST_KEY_UIApplicationSceneManifest_Generation[sdk=iphonesimulator*]" = YES;
				"INFOPLIST_KEY_UIApplicationSupportsIndirectInputEvents[sdk=iphoneos*]" = YES;
				"INFOPLIST_KEY_UIApplicationSupportsIndirectInputEvents[sdk=iphonesimulator*]" = YES;
				"INFOPLIST_KEY_UILaunchScreen_Generation[sdk=iphoneos*]" = YES;
				"INFOPLIST_KEY_UILaunchScreen_Generation[sdk=iphonesimulator*]" = YES;
				"INFOPLIST_KEY_UIStatusBarStyle[sdk=iphoneos*]" = UIStatusBarStyleDefault;
				"INFOPLIST_KEY_UIStatusBarStyle[sdk=iphonesimulator*]" = UIStatusBarStyleDefault;
				INFOPLIST_KEY_UISupportedInterfaceOrientations_iPad = "UIInterfaceOrientationPortrait UIInterfaceOrientationPortraitUpsideDown UIInterfaceOrientationLandscapeLeft UIInterfaceOrientationLandscapeRight";
				INFOPLIST_KEY_UISupportedInterfaceOrientations_iPhone = "UIInterfaceOrientationPortrait UIInterfaceOrientationLandscapeLeft UIInterfaceOrientationLandscapeRight";
				IPHONEOS_DEPLOYMENT_TARGET = 17.4;
				LD_RUNPATH_SEARCH_PATHS = "@executable_path/Frameworks";
				"LD_RUNPATH_SEARCH_PATHS[sdk=macosx*]" = "@executable_path/../Frameworks";
				MACOSX_DEPLOYMENT_TARGET = 14.1;
				MARKETING_VERSION = 1.0;
				PRODUCT_BUNDLE_IDENTIFIER = com.eric.Junction;
				PRODUCT_NAME = "$(TARGET_NAME)";
				SDKROOT = auto;
				SUPPORTED_PLATFORMS = "iphoneos iphonesimulator";
				SUPPORTS_MACCATALYST = NO;
				SWIFT_EMIT_LOC_STRINGS = YES;
				SWIFT_VERSION = 5.0;
				TARGETED_DEVICE_FAMILY = "1,2";
			};
			name = Release;
		};
/* End XCBuildConfiguration section */

/* Begin XCConfigurationList section */
		071C83D32C66E1CB0055C393 /* Build configuration list for PBXProject "Junction" */ = {
			isa = XCConfigurationList;
			buildConfigurations = (
				071C83E52C66E1CC0055C393 /* Debug */,
				071C83E62C66E1CC0055C393 /* Release */,
			);
			defaultConfigurationIsVisible = 0;
			defaultConfigurationName = Release;
		};
		071C83E72C66E1CC0055C393 /* Build configuration list for PBXNativeTarget "Junction" */ = {
			isa = XCConfigurationList;
			buildConfigurations = (
				071C83E82C66E1CC0055C393 /* Debug */,
				071C83E92C66E1CC0055C393 /* Release */,
			);
			defaultConfigurationIsVisible = 0;
			defaultConfigurationName = Release;
		};
/* End XCConfigurationList section */
	};
	rootObject = 071C83D02C66E1CB0055C393 /* Project object */;
}
