// !$*UTF8*$!
{
	archiveVersion = 1;
	classes = {
	};
	objectVersion = 71;
	objects = {

/* Begin PBXBuildFile section */
		0703304E2D4EE207007ACCC0 /* FirebaseVertexAI in Frameworks */ = {isa = PBXBuildFile; productRef = 0703304D2D4EE207007ACCC0 /* FirebaseVertexAI */; };
		071269682D4EC98F009FB07F /* GeminiChatRepository.swift in Sources */ = {isa = PBXBuildFile; fileRef = 071269672D4EC98F009FB07F /* GeminiChatRepository.swift */; };
		071A551C2DD211250031F2A9 /* DiagnoseFoodUseCase.swift in Sources */ = {isa = PBXBuildFile; fileRef = 071A551B2DD211250031F2A9 /* DiagnoseFoodUseCase.swift */; };
		071A55212DD2F78D0031F2A9 /* SearchFoodInformationUseCase.swift in Sources */ = {isa = PBXBuildFile; fileRef = 071A55202DD2F78D0031F2A9 /* SearchFoodInformationUseCase.swift */; };
		071A55352DD649BF0031F2A9 /* FoodInformation.swift in Sources */ = {isa = PBXBuildFile; fileRef = 071A55342DD649BF0031F2A9 /* FoodInformation.swift */; };
		071A55392DD68B3F0031F2A9 /* UpdateUserInfoUseCase.swift in Sources */ = {isa = PBXBuildFile; fileRef = 071A55382DD68B3F0031F2A9 /* UpdateUserInfoUseCase.swift */; };
		071A553B2DD94E6F0031F2A9 /* SaveUserInfoUseCase.swift in Sources */ = {isa = PBXBuildFile; fileRef = 071A553A2DD94E6F0031F2A9 /* SaveUserInfoUseCase.swift */; };
		071A55412DD9A8470031F2A9 /* AddCurrencyUseCase.swift in Sources */ = {isa = PBXBuildFile; fileRef = 071A55402DD9A8470031F2A9 /* AddCurrencyUseCase.swift */; };
		071A555C2DDAFB520031F2A9 /* Collections in Frameworks */ = {isa = PBXBuildFile; productRef = 071A555B2DDAFB520031F2A9 /* Collections */; };
		071C83E02C66E1CC0055C393 /* Assets.xcassets in Resources */ = {isa = PBXBuildFile; fileRef = 071C83DF2C66E1CC0055C393 /* Assets.xcassets */; };
		071C83E42C66E1CC0055C393 /* Preview Assets.xcassets in Resources */ = {isa = PBXBuildFile; fileRef = 071C83E32C66E1CC0055C393 /* Preview Assets.xcassets */; };
		071C841A2C66E30A0055C393 /* APIClient.swift in Sources */ = {isa = PBXBuildFile; fileRef = 071C83EA2C66E30A0055C393 /* APIClient.swift */; };
		074148CD2C67F66100D79562 /* Lottie in Frameworks */ = {isa = PBXBuildFile; productRef = 074148CC2C67F66100D79562 /* Lottie */; };
		074148E72C681D8600D79562 /* HealthInfo.swift in Sources */ = {isa = PBXBuildFile; fileRef = 074148E62C681D8600D79562 /* HealthInfo.swift */; };
		074BFFE82CBA3CBA000773CA /* CloudKitConvertible.swift in Sources */ = {isa = PBXBuildFile; fileRef = 074BFFE72CBA3CBA000773CA /* CloudKitConvertible.swift */; };
		07590B312C9D9BBE00BE6B14 /* StoreKit.framework in Frameworks */ = {isa = PBXBuildFile; fileRef = 07590B302C9D9BBE00BE6B14 /* StoreKit.framework */; };
		077456252DC78D920043D491 /* ComposableArchitecture in Frameworks */ = {isa = PBXBuildFile; productRef = 077456242DC78D920043D491 /* ComposableArchitecture */; };
		077B2E7D2CE02B9A001B9AE5 /* PromptGenerator.swift in Sources */ = {isa = PBXBuildFile; fileRef = 077B2E7C2CE02B9A001B9AE5 /* PromptGenerator.swift */; };
		077E44052D030A5E006B9CF6 /* FirebaseAnalytics in Frameworks */ = {isa = PBXBuildFile; productRef = 077E44042D030A5E006B9CF6 /* FirebaseAnalytics */; };
		077E44072D030A5E006B9CF6 /* FirebaseAuth in Frameworks */ = {isa = PBXBuildFile; productRef = 077E44062D030A5E006B9CF6 /* FirebaseAuth */; };
		077E44092D030A5E006B9CF6 /* FirebaseCore in Frameworks */ = {isa = PBXBuildFile; productRef = 077E44082D030A5E006B9CF6 /* FirebaseCore */; };
		077E440B2D030A5E006B9CF6 /* FirebaseCrashlytics in Frameworks */ = {isa = PBXBuildFile; productRef = 077E440A2D030A5E006B9CF6 /* FirebaseCrashlytics */; };
		077E440D2D030A5E006B9CF6 /* FirebaseFirestore in Frameworks */ = {isa = PBXBuildFile; productRef = 077E440C2D030A5E006B9CF6 /* FirebaseFirestore */; };
		077E440F2D030A5E006B9CF6 /* FirebaseFunctions in Frameworks */ = {isa = PBXBuildFile; productRef = 077E440E2D030A5E006B9CF6 /* FirebaseFunctions */; };
		077E44272D045A87006B9CF6 /* FirebaseAuthRepository.swift in Sources */ = {isa = PBXBuildFile; fileRef = 077E44262D045A87006B9CF6 /* FirebaseAuthRepository.swift */; };
		077E44292D0546EA006B9CF6 /* AuthRepository.swift in Sources */ = {isa = PBXBuildFile; fileRef = 077E44282D0546EA006B9CF6 /* AuthRepository.swift */; };
		07E9240D2DA1164500F2CFEC /* LocalUserRepository.swift in Sources */ = {isa = PBXBuildFile; fileRef = 07E9240C2DA1164500F2CFEC /* LocalUserRepository.swift */; };
		07E9240F2DA1168300F2CFEC /* CloudUserRepository.swift in Sources */ = {isa = PBXBuildFile; fileRef = 07E9240E2DA1168300F2CFEC /* CloudUserRepository.swift */; };
		07E924112DA116C700F2CFEC /* RemoteUserRepository.swift in Sources */ = {isa = PBXBuildFile; fileRef = 07E924102DA116C700F2CFEC /* RemoteUserRepository.swift */; };
		07E924192DA24BE200F2CFEC /* FirestoreUserRepository.swift in Sources */ = {isa = PBXBuildFile; fileRef = 07E924182DA24BE200F2CFEC /* FirestoreUserRepository.swift */; };
		07E924212DA2E4F500F2CFEC /* ICloudUserRepository.swift in Sources */ = {isa = PBXBuildFile; fileRef = 07E924202DA2E4F500F2CFEC /* ICloudUserRepository.swift */; };
		07E925822DA6C59B00F2CFEC /* SwiftDataUserRepository.swift in Sources */ = {isa = PBXBuildFile; fileRef = 07E925812DA6C59B00F2CFEC /* SwiftDataUserRepository.swift */; };
		07E926D82DA825B800F2CFEC /* AuthListenerHandle.swift in Sources */ = {isa = PBXBuildFile; fileRef = 07E926D72DA825B800F2CFEC /* AuthListenerHandle.swift */; };
		07E926DA2DA8263300F2CFEC /* FirebaseAuthListenerHandle.swift in Sources */ = {isa = PBXBuildFile; fileRef = 07E926D92DA8263300F2CFEC /* FirebaseAuthListenerHandle.swift */; };
		07EEA0DB2DC7A03D002FA682 /* Judgement.swift in Sources */ = {isa = PBXBuildFile; fileRef = 07EEA0D92DC7A03D002FA682 /* Judgement.swift */; };
		07F4A1C12DEB3136007A44CC /* Diabetes.swift in Sources */ = {isa = PBXBuildFile; fileRef = 07F4A1C02DEB3136007A44CC /* Diabetes.swift */; };
		07F4A1C32DEB3141007A44CC /* BloodPressure.swift in Sources */ = {isa = PBXBuildFile; fileRef = 07F4A1C22DEB3141007A44CC /* BloodPressure.swift */; };
		07F4A1C52DEB3149007A44CC /* GestationalWeek.swift in Sources */ = {isa = PBXBuildFile; fileRef = 07F4A1C42DEB3149007A44CC /* GestationalWeek.swift */; };
		07F4A1C72DEB3151007A44CC /* Allergies.swift in Sources */ = {isa = PBXBuildFile; fileRef = 07F4A1C62DEB3151007A44CC /* Allergies.swift */; };
		07F4A1F42DED8DE5007A44CC /* AIResponse.swift in Sources */ = {isa = PBXBuildFile; fileRef = 07F4A1F32DED8DE5007A44CC /* AIResponse.swift */; };
		07F4A1FB2DED93B8007A44CC /* ChatAIRepository.swift in Sources */ = {isa = PBXBuildFile; fileRef = 07F4A1FA2DED93B8007A44CC /* ChatAIRepository.swift */; };
/* End PBXBuildFile section */

/* Begin PBXFileReference section */
		071269672D4EC98F009FB07F /* GeminiChatRepository.swift */ = {isa = PBXFileReference; lastKnownFileType = sourcecode.swift; path = GeminiChatRepository.swift; sourceTree = "<group>"; };
		071A551B2DD211250031F2A9 /* DiagnoseFoodUseCase.swift */ = {isa = PBXFileReference; lastKnownFileType = sourcecode.swift; path = DiagnoseFoodUseCase.swift; sourceTree = "<group>"; };
		071A55202DD2F78D0031F2A9 /* SearchFoodInformationUseCase.swift */ = {isa = PBXFileReference; lastKnownFileType = sourcecode.swift; path = SearchFoodInformationUseCase.swift; sourceTree = "<group>"; };
		071A55342DD649BF0031F2A9 /* FoodInformation.swift */ = {isa = PBXFileReference; lastKnownFileType = sourcecode.swift; path = FoodInformation.swift; sourceTree = "<group>"; };
		071A55382DD68B3F0031F2A9 /* UpdateUserInfoUseCase.swift */ = {isa = PBXFileReference; lastKnownFileType = sourcecode.swift; path = UpdateUserInfoUseCase.swift; sourceTree = "<group>"; };
		071A553A2DD94E6F0031F2A9 /* SaveUserInfoUseCase.swift */ = {isa = PBXFileReference; lastKnownFileType = sourcecode.swift; path = SaveUserInfoUseCase.swift; sourceTree = "<group>"; };
		071A55402DD9A8470031F2A9 /* AddCurrencyUseCase.swift */ = {isa = PBXFileReference; lastKnownFileType = sourcecode.swift; path = AddCurrencyUseCase.swift; sourceTree = "<group>"; };
		071C83D82C66E1CB0055C393 /* Prelude.app */ = {isa = PBXFileReference; explicitFileType = wrapper.application; includeInIndex = 0; path = Prelude.app; sourceTree = BUILT_PRODUCTS_DIR; };
		071C83DF2C66E1CC0055C393 /* Assets.xcassets */ = {isa = PBXFileReference; lastKnownFileType = folder.assetcatalog; path = Assets.xcassets; sourceTree = "<group>"; };
		071C83E32C66E1CC0055C393 /* Preview Assets.xcassets */ = {isa = PBXFileReference; lastKnownFileType = folder.assetcatalog; path = "Preview Assets.xcassets"; sourceTree = "<group>"; };
		071C83EA2C66E30A0055C393 /* APIClient.swift */ = {isa = PBXFileReference; fileEncoding = 4; lastKnownFileType = sourcecode.swift; path = APIClient.swift; sourceTree = "<group>"; };
		071C84382C66E3260055C393 /* Secrets.xcconfig */ = {isa = PBXFileReference; fileEncoding = 4; lastKnownFileType = text.xcconfig; path = Secrets.xcconfig; sourceTree = "<group>"; };
		074148E62C681D8600D79562 /* HealthInfo.swift */ = {isa = PBXFileReference; lastKnownFileType = sourcecode.swift; path = HealthInfo.swift; sourceTree = "<group>"; };
		074BFFE72CBA3CBA000773CA /* CloudKitConvertible.swift */ = {isa = PBXFileReference; lastKnownFileType = sourcecode.swift; path = CloudKitConvertible.swift; sourceTree = "<group>"; };
		07590B302C9D9BBE00BE6B14 /* StoreKit.framework */ = {isa = PBXFileReference; lastKnownFileType = wrapper.framework; name = StoreKit.framework; path = System/Library/Frameworks/StoreKit.framework; sourceTree = SDKROOT; };
		077B2E7C2CE02B9A001B9AE5 /* PromptGenerator.swift */ = {isa = PBXFileReference; lastKnownFileType = sourcecode.swift; path = PromptGenerator.swift; sourceTree = "<group>"; };
		077E44262D045A87006B9CF6 /* FirebaseAuthRepository.swift */ = {isa = PBXFileReference; lastKnownFileType = sourcecode.swift; path = FirebaseAuthRepository.swift; sourceTree = "<group>"; };
		077E44282D0546EA006B9CF6 /* AuthRepository.swift */ = {isa = PBXFileReference; lastKnownFileType = sourcecode.swift; path = AuthRepository.swift; sourceTree = "<group>"; };
		07E9240C2DA1164500F2CFEC /* LocalUserRepository.swift */ = {isa = PBXFileReference; lastKnownFileType = sourcecode.swift; path = LocalUserRepository.swift; sourceTree = "<group>"; };
		07E9240E2DA1168300F2CFEC /* CloudUserRepository.swift */ = {isa = PBXFileReference; lastKnownFileType = sourcecode.swift; path = CloudUserRepository.swift; sourceTree = "<group>"; };
		07E924102DA116C700F2CFEC /* RemoteUserRepository.swift */ = {isa = PBXFileReference; lastKnownFileType = sourcecode.swift; path = RemoteUserRepository.swift; sourceTree = "<group>"; };
		07E924182DA24BE200F2CFEC /* FirestoreUserRepository.swift */ = {isa = PBXFileReference; lastKnownFileType = sourcecode.swift; path = FirestoreUserRepository.swift; sourceTree = "<group>"; };
		07E924202DA2E4F500F2CFEC /* ICloudUserRepository.swift */ = {isa = PBXFileReference; lastKnownFileType = sourcecode.swift; path = ICloudUserRepository.swift; sourceTree = "<group>"; };
		07E925812DA6C59B00F2CFEC /* SwiftDataUserRepository.swift */ = {isa = PBXFileReference; lastKnownFileType = sourcecode.swift; path = SwiftDataUserRepository.swift; sourceTree = "<group>"; };
		07E926D72DA825B800F2CFEC /* AuthListenerHandle.swift */ = {isa = PBXFileReference; lastKnownFileType = sourcecode.swift; path = AuthListenerHandle.swift; sourceTree = "<group>"; };
		07E926D92DA8263300F2CFEC /* FirebaseAuthListenerHandle.swift */ = {isa = PBXFileReference; lastKnownFileType = sourcecode.swift; path = FirebaseAuthListenerHandle.swift; sourceTree = "<group>"; };
		07EEA0D92DC7A03D002FA682 /* Judgement.swift */ = {isa = PBXFileReference; lastKnownFileType = sourcecode.swift; path = Judgement.swift; sourceTree = "<group>"; };
		07F4A1C02DEB3136007A44CC /* Diabetes.swift */ = {isa = PBXFileReference; lastKnownFileType = sourcecode.swift; path = Diabetes.swift; sourceTree = "<group>"; };
		07F4A1C22DEB3141007A44CC /* BloodPressure.swift */ = {isa = PBXFileReference; lastKnownFileType = sourcecode.swift; path = BloodPressure.swift; sourceTree = "<group>"; };
		07F4A1C42DEB3149007A44CC /* GestationalWeek.swift */ = {isa = PBXFileReference; lastKnownFileType = sourcecode.swift; path = GestationalWeek.swift; sourceTree = "<group>"; };
		07F4A1C62DEB3151007A44CC /* Allergies.swift */ = {isa = PBXFileReference; lastKnownFileType = sourcecode.swift; path = Allergies.swift; sourceTree = "<group>"; };
		07F4A1F32DED8DE5007A44CC /* AIResponse.swift */ = {isa = PBXFileReference; lastKnownFileType = sourcecode.swift; path = AIResponse.swift; sourceTree = "<group>"; };
		07F4A1FA2DED93B8007A44CC /* ChatAIRepository.swift */ = {isa = PBXFileReference; lastKnownFileType = sourcecode.swift; path = ChatAIRepository.swift; sourceTree = "<group>"; };
/* End PBXFileReference section */

/* Begin PBXFileSystemSynchronizedBuildFileExceptionSet section */
		07F4A1A52DEB2129007A44CC /* PBXFileSystemSynchronizedBuildFileExceptionSet */ = {
			isa = PBXFileSystemSynchronizedBuildFileExceptionSet;
			membershipExceptions = (
				Info.plist,
			);
			target = 071C83D72C66E1CB0055C393 /* Prelude */;
		};
		07F4A1AA2DEB2359007A44CC /* PBXFileSystemSynchronizedBuildFileExceptionSet */ = {
			isa = PBXFileSystemSynchronizedBuildFileExceptionSet;
			membershipExceptions = (
				Secrets.xcconfig,
			);
			target = 071C83D72C66E1CB0055C393 /* Prelude */;
		};
/* End PBXFileSystemSynchronizedBuildFileExceptionSet section */

/* Begin PBXFileSystemSynchronizedRootGroup section */
		077B2E572CDFA8A3001B9AE5 /* Shared */ = {isa = PBXFileSystemSynchronizedRootGroup; explicitFileTypes = {}; explicitFolders = (); path = Shared; sourceTree = "<group>"; };
		077E44002D0309F8006B9CF6 /* DataSource */ = {isa = PBXFileSystemSynchronizedRootGroup; explicitFileTypes = {}; explicitFolders = (); path = DataSource; sourceTree = "<group>"; };
		077E44252D045A5C006B9CF6 /* Auth */ = {isa = PBXFileSystemSynchronizedRootGroup; explicitFileTypes = {}; explicitFolders = (); path = Auth; sourceTree = "<group>"; };
		077E442E2D056D83006B9CF6 /* Auth */ = {isa = PBXFileSystemSynchronizedRootGroup; explicitFileTypes = {}; explicitFolders = (); path = Auth; sourceTree = "<group>"; };
		079074FF2DC7882700074761 /* Feature */ = {isa = PBXFileSystemSynchronizedRootGroup; explicitFileTypes = {}; explicitFolders = (); path = Feature; sourceTree = "<group>"; };
		079A905B2D266686004F94DA /* Error */ = {isa = PBXFileSystemSynchronizedRootGroup; explicitFileTypes = {}; explicitFolders = (); path = Error; sourceTree = "<group>"; };
		07A643E92CB65EF700AA4EB2 /* UserInfo */ = {isa = PBXFileSystemSynchronizedRootGroup; explicitFileTypes = {}; explicitFolders = (); path = UserInfo; sourceTree = "<group>"; };
		07DC00742CB4112C003E99FA /* Error */ = {isa = PBXFileSystemSynchronizedRootGroup; explicitFileTypes = {}; explicitFolders = (); path = Error; sourceTree = "<group>"; };
		07E29DB92D40F82300988754 /* Request */ = {isa = PBXFileSystemSynchronizedRootGroup; explicitFileTypes = {}; explicitFolders = (); path = Request; sourceTree = "<group>"; };
		07E29DBA2D40F82A00988754 /* Protocol */ = {isa = PBXFileSystemSynchronizedRootGroup; explicitFileTypes = {}; explicitFolders = (); path = Protocol; sourceTree = "<group>"; };
		07E29DBF2D41124500988754 /* EndPoint */ = {isa = PBXFileSystemSynchronizedRootGroup; explicitFileTypes = {}; explicitFolders = (); path = EndPoint; sourceTree = "<group>"; };
		07E924152DA24A4200F2CFEC /* Service */ = {isa = PBXFileSystemSynchronizedRootGroup; explicitFileTypes = {}; explicitFolders = (); path = Service; sourceTree = "<group>"; };
		07E9241D2DA2DD6500F2CFEC /* Extension */ = {isa = PBXFileSystemSynchronizedRootGroup; explicitFileTypes = {}; explicitFolders = (); path = Extension; sourceTree = "<group>"; };
		07F3AF592CF4306100A39F2F /* DesignSystem */ = {isa = PBXFileSystemSynchronizedRootGroup; explicitFileTypes = {}; explicitFolders = (); path = DesignSystem; sourceTree = "<group>"; };
		07F4A1752DEAD902007A44CC /* Model */ = {isa = PBXFileSystemSynchronizedRootGroup; explicitFileTypes = {}; explicitFolders = (); path = Model; sourceTree = "<group>"; };
		07F4A18D2DEAE08A007A44CC /* Service */ = {isa = PBXFileSystemSynchronizedRootGroup; explicitFileTypes = {}; explicitFolders = (); path = Service; sourceTree = "<group>"; };
		07F4A1922DEAE2D2007A44CC /* App */ = {isa = PBXFileSystemSynchronizedRootGroup; explicitFileTypes = {}; explicitFolders = (); path = App; sourceTree = "<group>"; };
		07F4A19B2DEB1F3F007A44CC /* Network */ = {isa = PBXFileSystemSynchronizedRootGroup; explicitFileTypes = {}; explicitFolders = (); path = Network; sourceTree = "<group>"; };
		07F4A19D2DEB1F54007A44CC /* Authentication */ = {isa = PBXFileSystemSynchronizedRootGroup; explicitFileTypes = {}; explicitFolders = (); path = Authentication; sourceTree = "<group>"; };
		07F4A19F2DEB2070007A44CC /* UIKitService */ = {isa = PBXFileSystemSynchronizedRootGroup; explicitFileTypes = {}; explicitFolders = (); path = UIKitService; sourceTree = "<group>"; };
		07F4A1A12DEB20E0007A44CC /* LaunchScreen */ = {isa = PBXFileSystemSynchronizedRootGroup; explicitFileTypes = {}; explicitFolders = (); path = LaunchScreen; sourceTree = "<group>"; };
		07F4A1A22DEB20F2007A44CC /* Firebase */ = {isa = PBXFileSystemSynchronizedRootGroup; explicitFileTypes = {}; explicitFolders = (); path = Firebase; sourceTree = "<group>"; };
		07F4A1A42DEB211A007A44CC /* Info */ = {isa = PBXFileSystemSynchronizedRootGroup; exceptions = (07F4A1A52DEB2129007A44CC /* PBXFileSystemSynchronizedBuildFileExceptionSet */, ); explicitFileTypes = {}; explicitFolders = (); path = Info; sourceTree = "<group>"; };
		07F4A1A62DEB213F007A44CC /* Localization */ = {isa = PBXFileSystemSynchronizedRootGroup; explicitFileTypes = {}; explicitFolders = (); path = Localization; sourceTree = "<group>"; };
		07F4A1A72DEB214E007A44CC /* Store */ = {isa = PBXFileSystemSynchronizedRootGroup; explicitFileTypes = {}; explicitFolders = (); path = Store; sourceTree = "<group>"; };
		07F4A1A82DEB2154007A44CC /* Secret */ = {isa = PBXFileSystemSynchronizedRootGroup; exceptions = (07F4A1AA2DEB2359007A44CC /* PBXFileSystemSynchronizedBuildFileExceptionSet */, ); explicitFileTypes = {}; explicitFolders = (); path = Secret; sourceTree = "<group>"; };
		07F4A1A92DEB216F007A44CC /* Loading */ = {isa = PBXFileSystemSynchronizedRootGroup; explicitFileTypes = {}; explicitFolders = (); path = Loading; sourceTree = "<group>"; };
		07F4A1B72DEB282C007A44CC /* SharedView */ = {isa = PBXFileSystemSynchronizedRootGroup; explicitFileTypes = {}; explicitFolders = (); path = SharedView; sourceTree = "<group>"; };
		07F4A1BA2DEB2941007A44CC /* Modifier */ = {isa = PBXFileSystemSynchronizedRootGroup; explicitFileTypes = {}; explicitFolders = (); path = Modifier; sourceTree = "<group>"; };
		07F4A1CA2DEB31BD007A44CC /* Extension */ = {isa = PBXFileSystemSynchronizedRootGroup; explicitFileTypes = {}; explicitFolders = (); path = Extension; sourceTree = "<group>"; };
		07F4A1F52DED8F13007A44CC /* Extension */ = {isa = PBXFileSystemSynchronizedRootGroup; explicitFileTypes = {}; explicitFolders = (); path = Extension; sourceTree = "<group>"; };
/* End PBXFileSystemSynchronizedRootGroup section */

/* Begin PBXFrameworksBuildPhase section */
		071C83D52C66E1CB0055C393 /* Frameworks */ = {
			isa = PBXFrameworksBuildPhase;
			buildActionMask = 2147483647;
			files = (
				077456252DC78D920043D491 /* ComposableArchitecture in Frameworks */,
				074148CD2C67F66100D79562 /* Lottie in Frameworks */,
				077E44092D030A5E006B9CF6 /* FirebaseCore in Frameworks */,
				07590B312C9D9BBE00BE6B14 /* StoreKit.framework in Frameworks */,
				071A555C2DDAFB520031F2A9 /* Collections in Frameworks */,
				077E440F2D030A5E006B9CF6 /* FirebaseFunctions in Frameworks */,
				0703304E2D4EE207007ACCC0 /* FirebaseVertexAI in Frameworks */,
				077E440B2D030A5E006B9CF6 /* FirebaseCrashlytics in Frameworks */,
				077E44052D030A5E006B9CF6 /* FirebaseAnalytics in Frameworks */,
				077E44072D030A5E006B9CF6 /* FirebaseAuth in Frameworks */,
				077E440D2D030A5E006B9CF6 /* FirebaseFirestore in Frameworks */,
			);
			runOnlyForDeploymentPostprocessing = 0;
		};
/* End PBXFrameworksBuildPhase section */

/* Begin PBXGroup section */
		071C83CF2C66E1CB0055C393 = {
			isa = PBXGroup;
			children = (
				07F3AF592CF4306100A39F2F /* DesignSystem */,
				071C83DA2C66E1CB0055C393 /* Prelude */,
				07590B2F2C9D9BBE00BE6B14 /* Frameworks */,
				071C83D92C66E1CB0055C393 /* Products */,
				0761C4E72DEDABBE003DC63D /* Recovered References */,
			);
			sourceTree = "<group>";
		};
		071C83D92C66E1CB0055C393 /* Products */ = {
			isa = PBXGroup;
			children = (
				071C83D82C66E1CB0055C393 /* Prelude.app */,
			);
			name = Products;
			sourceTree = "<group>";
		};
		071C83DA2C66E1CB0055C393 /* Prelude */ = {
			isa = PBXGroup;
			children = (
				07F4A1922DEAE2D2007A44CC /* App */,
				077B2E572CDFA8A3001B9AE5 /* Shared */,
				074148D52C6800F300D79562 /* Resources */,
				071C83F42C66E30A0055C393 /* Data */,
				071C84192C66E30A0055C393 /* Domain */,
				071C83F72C66E30A0055C393 /* Infrastructure */,
				071C83FD2C66E30A0055C393 /* Presentation */,
				071C83E22C66E1CC0055C393 /* Preview Content */,
			);
			path = Prelude;
			sourceTree = "<group>";
		};
		071C83E22C66E1CC0055C393 /* Preview Content */ = {
			isa = PBXGroup;
			children = (
				071C83E32C66E1CC0055C393 /* Preview Assets.xcassets */,
			);
			path = "Preview Content";
			sourceTree = "<group>";
		};
		071C83EC2C66E30A0055C393 /* API */ = {
			isa = PBXGroup;
			children = (
				07E29DBF2D41124500988754 /* EndPoint */,
				07E29DBA2D40F82A00988754 /* Protocol */,
				07E29DB92D40F82300988754 /* Request */,
				071C83EA2C66E30A0055C393 /* APIClient.swift */,
			);
			path = API;
			sourceTree = "<group>";
		};
		071C83F32C66E30A0055C393 /* Repository */ = {
			isa = PBXGroup;
			children = (
				077E44262D045A87006B9CF6 /* FirebaseAuthRepository.swift */,
				071269672D4EC98F009FB07F /* GeminiChatRepository.swift */,
				07E924182DA24BE200F2CFEC /* FirestoreUserRepository.swift */,
				07E924202DA2E4F500F2CFEC /* ICloudUserRepository.swift */,
				07E925812DA6C59B00F2CFEC /* SwiftDataUserRepository.swift */,
			);
			path = Repository;
			sourceTree = "<group>";
		};
		071C83F42C66E30A0055C393 /* Data */ = {
			isa = PBXGroup;
			children = (
				07E926D92DA8263300F2CFEC /* FirebaseAuthListenerHandle.swift */,
				07E9241D2DA2DD6500F2CFEC /* Extension */,
				079A905B2D266686004F94DA /* Error */,
				077E44002D0309F8006B9CF6 /* DataSource */,
				071C83EC2C66E30A0055C393 /* API */,
				071C83F32C66E30A0055C393 /* Repository */,
			);
			path = Data;
			sourceTree = "<group>";
		};
		071C83F72C66E30A0055C393 /* Infrastructure */ = {
			isa = PBXGroup;
			children = (
				07F4A19F2DEB2070007A44CC /* UIKitService */,
				07F4A19D2DEB1F54007A44CC /* Authentication */,
				07F4A19B2DEB1F3F007A44CC /* Network */,
				077B2E7C2CE02B9A001B9AE5 /* PromptGenerator.swift */,
			);
			path = Infrastructure;
			sourceTree = "<group>";
		};
		071C83FD2C66E30A0055C393 /* Presentation */ = {
			isa = PBXGroup;
			children = (
				07F4A1BA2DEB2941007A44CC /* Modifier */,
				07F4A1B72DEB282C007A44CC /* SharedView */,
				07F4A18D2DEAE08A007A44CC /* Service */,
				07F4A1752DEAD902007A44CC /* Model */,
				079074FF2DC7882700074761 /* Feature */,
				07F4A1CA2DEB31BD007A44CC /* Extension */,
			);
			path = Presentation;
			sourceTree = "<group>";
		};
		071C840A2C66E30A0055C393 /* Entity */ = {
			isa = PBXGroup;
			children = (
				077E442E2D056D83006B9CF6 /* Auth */,
				07A643E92CB65EF700AA4EB2 /* UserInfo */,
				074148E52C681D7E00D79562 /* HealthInfo */,
				07EEA0DA2DC7A03D002FA682 /* Judgement */,
			);
			path = Entity;
			sourceTree = "<group>";
		};
		071C84112C66E30A0055C393 /* Repository */ = {
			isa = PBXGroup;
			children = (
				07F4A1FA2DED93B8007A44CC /* ChatAIRepository.swift */,
				077E44282D0546EA006B9CF6 /* AuthRepository.swift */,
				07E9240C2DA1164500F2CFEC /* LocalUserRepository.swift */,
				07E9240E2DA1168300F2CFEC /* CloudUserRepository.swift */,
				07E924102DA116C700F2CFEC /* RemoteUserRepository.swift */,
			);
			path = Repository;
			sourceTree = "<group>";
		};
		071C84122C66E30A0055C393 /* Interface */ = {
			isa = PBXGroup;
			children = (
				07E926D72DA825B800F2CFEC /* AuthListenerHandle.swift */,
				071C84112C66E30A0055C393 /* Repository */,
				074BFFE72CBA3CBA000773CA /* CloudKitConvertible.swift */,
			);
			path = Interface;
			sourceTree = "<group>";
		};
		071C84182C66E30A0055C393 /* UseCase */ = {
			isa = PBXGroup;
			children = (
				071A55202DD2F78D0031F2A9 /* SearchFoodInformationUseCase.swift */,
				077E44252D045A5C006B9CF6 /* Auth */,
				071A551B2DD211250031F2A9 /* DiagnoseFoodUseCase.swift */,
				071A55382DD68B3F0031F2A9 /* UpdateUserInfoUseCase.swift */,
				071A553A2DD94E6F0031F2A9 /* SaveUserInfoUseCase.swift */,
				071A55402DD9A8470031F2A9 /* AddCurrencyUseCase.swift */,
			);
			path = UseCase;
			sourceTree = "<group>";
		};
		071C84192C66E30A0055C393 /* Domain */ = {
			isa = PBXGroup;
			children = (
				07F4A1F52DED8F13007A44CC /* Extension */,
				07E924152DA24A4200F2CFEC /* Service */,
				07DC00742CB4112C003E99FA /* Error */,
				071C840A2C66E30A0055C393 /* Entity */,
				071C84122C66E30A0055C393 /* Interface */,
				071C84182C66E30A0055C393 /* UseCase */,
			);
			path = Domain;
			sourceTree = "<group>";
		};
		074148D52C6800F300D79562 /* Resources */ = {
			isa = PBXGroup;
			children = (
				07F4A1A92DEB216F007A44CC /* Loading */,
				07F4A1A82DEB2154007A44CC /* Secret */,
				07F4A1A72DEB214E007A44CC /* Store */,
				07F4A1A62DEB213F007A44CC /* Localization */,
				07F4A1A42DEB211A007A44CC /* Info */,
				07F4A1A22DEB20F2007A44CC /* Firebase */,
				07F4A1A12DEB20E0007A44CC /* LaunchScreen */,
				071C83DF2C66E1CC0055C393 /* Assets.xcassets */,
			);
			path = Resources;
			sourceTree = "<group>";
		};
		074148E52C681D7E00D79562 /* HealthInfo */ = {
			isa = PBXGroup;
			children = (
				07F4A1C62DEB3151007A44CC /* Allergies.swift */,
				07F4A1C42DEB3149007A44CC /* GestationalWeek.swift */,
				07F4A1C22DEB3141007A44CC /* BloodPressure.swift */,
				07F4A1C02DEB3136007A44CC /* Diabetes.swift */,
				074148E62C681D8600D79562 /* HealthInfo.swift */,
			);
			path = HealthInfo;
			sourceTree = "<group>";
		};
		07590B2F2C9D9BBE00BE6B14 /* Frameworks */ = {
			isa = PBXGroup;
			children = (
				07590B302C9D9BBE00BE6B14 /* StoreKit.framework */,
			);
			name = Frameworks;
			sourceTree = "<group>";
		};
		0761C4E72DEDABBE003DC63D /* Recovered References */ = {
			isa = PBXGroup;
			children = (
				071C84382C66E3260055C393 /* Secrets.xcconfig */,
			);
			name = "Recovered References";
			sourceTree = "<group>";
		};
		07EEA0DA2DC7A03D002FA682 /* Judgement */ = {
			isa = PBXGroup;
			children = (
				07F4A1F32DED8DE5007A44CC /* AIResponse.swift */,
				07EEA0D92DC7A03D002FA682 /* Judgement.swift */,
				071A55342DD649BF0031F2A9 /* FoodInformation.swift */,
			);
			path = Judgement;
			sourceTree = "<group>";
		};
/* End PBXGroup section */

/* Begin PBXNativeTarget section */
		071C83D72C66E1CB0055C393 /* Prelude */ = {
			isa = PBXNativeTarget;
			buildConfigurationList = 071C83E72C66E1CC0055C393 /* Build configuration list for PBXNativeTarget "Prelude" */;
			buildPhases = (
				071C83D42C66E1CB0055C393 /* Sources */,
				071C83D52C66E1CB0055C393 /* Frameworks */,
				071C83D62C66E1CB0055C393 /* Resources */,
			);
			buildRules = (
			);
			dependencies = (
			);
			fileSystemSynchronizedGroups = (
				077B2E572CDFA8A3001B9AE5 /* Shared */,
				077E44002D0309F8006B9CF6 /* DataSource */,
				077E44252D045A5C006B9CF6 /* Auth */,
				077E442E2D056D83006B9CF6 /* Auth */,
				079074FF2DC7882700074761 /* Feature */,
				079A905B2D266686004F94DA /* Error */,
				07A643E92CB65EF700AA4EB2 /* UserInfo */,
				07DC00742CB4112C003E99FA /* Error */,
				07E29DB92D40F82300988754 /* Request */,
				07E29DBA2D40F82A00988754 /* Protocol */,
				07E29DBF2D41124500988754 /* EndPoint */,
				07E924152DA24A4200F2CFEC /* Service */,
				07E9241D2DA2DD6500F2CFEC /* Extension */,
				07F3AF592CF4306100A39F2F /* DesignSystem */,
				07F4A1752DEAD902007A44CC /* Model */,
				07F4A18D2DEAE08A007A44CC /* Service */,
				07F4A1922DEAE2D2007A44CC /* App */,
				07F4A19B2DEB1F3F007A44CC /* Network */,
				07F4A19D2DEB1F54007A44CC /* Authentication */,
				07F4A19F2DEB2070007A44CC /* UIKitService */,
				07F4A1A12DEB20E0007A44CC /* LaunchScreen */,
				07F4A1A22DEB20F2007A44CC /* Firebase */,
				07F4A1A42DEB211A007A44CC /* Info */,
				07F4A1A62DEB213F007A44CC /* Localization */,
				07F4A1A72DEB214E007A44CC /* Store */,
				07F4A1A82DEB2154007A44CC /* Secret */,
				07F4A1A92DEB216F007A44CC /* Loading */,
				07F4A1B72DEB282C007A44CC /* SharedView */,
				07F4A1BA2DEB2941007A44CC /* Modifier */,
				07F4A1CA2DEB31BD007A44CC /* Extension */,
				07F4A1F52DED8F13007A44CC /* Extension */,
			);
			name = Prelude;
			packageProductDependencies = (
				074148CC2C67F66100D79562 /* Lottie */,
				077E44042D030A5E006B9CF6 /* FirebaseAnalytics */,
				077E44062D030A5E006B9CF6 /* FirebaseAuth */,
				077E44082D030A5E006B9CF6 /* FirebaseCore */,
				077E440A2D030A5E006B9CF6 /* FirebaseCrashlytics */,
				077E440C2D030A5E006B9CF6 /* FirebaseFirestore */,
				077E440E2D030A5E006B9CF6 /* FirebaseFunctions */,
				0703304D2D4EE207007ACCC0 /* FirebaseVertexAI */,
				077456242DC78D920043D491 /* ComposableArchitecture */,
				071A555B2DDAFB520031F2A9 /* Collections */,
			);
			productName = Junction;
			productReference = 071C83D82C66E1CB0055C393 /* Prelude.app */;
			productType = "com.apple.product-type.application";
		};
/* End PBXNativeTarget section */

/* Begin PBXProject section */
		071C83D02C66E1CB0055C393 /* Project object */ = {
			isa = PBXProject;
			attributes = {
				BuildIndependentTargetsInParallel = 1;
				LastSwiftUpdateCheck = 1530;
				LastUpgradeCheck = 1620;
				TargetAttributes = {
					071C83D72C66E1CB0055C393 = {
						CreatedOnToolsVersion = 15.3;
					};
				};
			};
			buildConfigurationList = 071C83D32C66E1CB0055C393 /* Build configuration list for PBXProject "Prelude" */;
			compatibilityVersion = "Xcode 14.0";
			developmentRegion = en;
			hasScannedForEncodings = 0;
			knownRegions = (
				en,
				Base,
				"ko-KR",
			);
			mainGroup = 071C83CF2C66E1CB0055C393;
			packageReferences = (
				074148CB2C67F66100D79562 /* XCRemoteSwiftPackageReference "lottie-ios" */,
				077E44032D030A5E006B9CF6 /* XCRemoteSwiftPackageReference "firebase-ios-sdk" */,
				077456232DC78D920043D491 /* XCRemoteSwiftPackageReference "swift-composable-architecture" */,
				071A555A2DDAFB520031F2A9 /* XCRemoteSwiftPackageReference "swift-collections" */,
			);
			productRefGroup = 071C83D92C66E1CB0055C393 /* Products */;
			projectDirPath = "";
			projectRoot = "";
			targets = (
				071C83D72C66E1CB0055C393 /* Prelude */,
			);
		};
/* End PBXProject section */

/* Begin PBXResourcesBuildPhase section */
		071C83D62C66E1CB0055C393 /* Resources */ = {
			isa = PBXResourcesBuildPhase;
			buildActionMask = 2147483647;
			files = (
				071C83E42C66E1CC0055C393 /* Preview Assets.xcassets in Resources */,
				071C83E02C66E1CC0055C393 /* Assets.xcassets in Resources */,
			);
			runOnlyForDeploymentPostprocessing = 0;
		};
/* End PBXResourcesBuildPhase section */

/* Begin PBXSourcesBuildPhase section */
		071C83D42C66E1CB0055C393 /* Sources */ = {
			isa = PBXSourcesBuildPhase;
			buildActionMask = 2147483647;
			files = (
				071A553B2DD94E6F0031F2A9 /* SaveUserInfoUseCase.swift in Sources */,
				074148E72C681D8600D79562 /* HealthInfo.swift in Sources */,
				07F4A1C32DEB3141007A44CC /* BloodPressure.swift in Sources */,
				071C841A2C66E30A0055C393 /* APIClient.swift in Sources */,
				071269682D4EC98F009FB07F /* GeminiChatRepository.swift in Sources */,
				074BFFE82CBA3CBA000773CA /* CloudKitConvertible.swift in Sources */,
				071A55392DD68B3F0031F2A9 /* UpdateUserInfoUseCase.swift in Sources */,
				071A551C2DD211250031F2A9 /* DiagnoseFoodUseCase.swift in Sources */,
				07F4A1C12DEB3136007A44CC /* Diabetes.swift in Sources */,
				07F4A1FB2DED93B8007A44CC /* ChatAIRepository.swift in Sources */,
				07E924192DA24BE200F2CFEC /* FirestoreUserRepository.swift in Sources */,
				07EEA0DB2DC7A03D002FA682 /* Judgement.swift in Sources */,
				077E44292D0546EA006B9CF6 /* AuthRepository.swift in Sources */,
				077B2E7D2CE02B9A001B9AE5 /* PromptGenerator.swift in Sources */,
				07E924212DA2E4F500F2CFEC /* ICloudUserRepository.swift in Sources */,
				071A55412DD9A8470031F2A9 /* AddCurrencyUseCase.swift in Sources */,
				071A55212DD2F78D0031F2A9 /* SearchFoodInformationUseCase.swift in Sources */,
				071A55352DD649BF0031F2A9 /* FoodInformation.swift in Sources */,
				07E924112DA116C700F2CFEC /* RemoteUserRepository.swift in Sources */,
				07F4A1C52DEB3149007A44CC /* GestationalWeek.swift in Sources */,
				07E9240F2DA1168300F2CFEC /* CloudUserRepository.swift in Sources */,
				07F4A1F42DED8DE5007A44CC /* AIResponse.swift in Sources */,
				077E44272D045A87006B9CF6 /* FirebaseAuthRepository.swift in Sources */,
				07E926DA2DA8263300F2CFEC /* FirebaseAuthListenerHandle.swift in Sources */,
				07E926D82DA825B800F2CFEC /* AuthListenerHandle.swift in Sources */,
				07E925822DA6C59B00F2CFEC /* SwiftDataUserRepository.swift in Sources */,
				07E9240D2DA1164500F2CFEC /* LocalUserRepository.swift in Sources */,
				07F4A1C72DEB3151007A44CC /* Allergies.swift in Sources */,
			);
			runOnlyForDeploymentPostprocessing = 0;
		};
/* End PBXSourcesBuildPhase section */

/* Begin XCBuildConfiguration section */
		071C83E52C66E1CC0055C393 /* Debug */ = {
			isa = XCBuildConfiguration;
			baseConfigurationReferenceAnchor = 07F4A1A82DEB2154007A44CC /* Secret */;
			baseConfigurationReferenceRelativePath = Secrets.xcconfig;
			buildSettings = {
				ALWAYS_SEARCH_USER_PATHS = NO;
				ASSETCATALOG_COMPILER_GENERATE_SWIFT_ASSET_SYMBOL_EXTENSIONS = YES;
				CLANG_ANALYZER_LOCALIZABILITY_NONLOCALIZED = YES;
				CLANG_ANALYZER_NONNULL = YES;
				CLANG_ANALYZER_NUMBER_OBJECT_CONVERSION = YES_AGGRESSIVE;
				CLANG_CXX_LANGUAGE_STANDARD = "gnu++20";
				CLANG_ENABLE_MODULES = YES;
				CLANG_ENABLE_OBJC_ARC = YES;
				CLANG_ENABLE_OBJC_WEAK = YES;
				CLANG_WARN_BLOCK_CAPTURE_AUTORELEASING = YES;
				CLANG_WARN_BOOL_CONVERSION = YES;
				CLANG_WARN_COMMA = YES;
				CLANG_WARN_CONSTANT_CONVERSION = YES;
				CLANG_WARN_DEPRECATED_OBJC_IMPLEMENTATIONS = YES;
				CLANG_WARN_DIRECT_OBJC_ISA_USAGE = YES_ERROR;
				CLANG_WARN_DOCUMENTATION_COMMENTS = YES;
				CLANG_WARN_EMPTY_BODY = YES;
				CLANG_WARN_ENUM_CONVERSION = YES;
				CLANG_WARN_INFINITE_RECURSION = YES;
				CLANG_WARN_INT_CONVERSION = YES;
				CLANG_WARN_NON_LITERAL_NULL_CONVERSION = YES;
				CLANG_WARN_OBJC_IMPLICIT_RETAIN_SELF = YES;
				CLANG_WARN_OBJC_LITERAL_CONVERSION = YES;
				CLANG_WARN_OBJC_ROOT_CLASS = YES_ERROR;
				CLANG_WARN_QUOTED_INCLUDE_IN_FRAMEWORK_HEADER = YES;
				CLANG_WARN_RANGE_LOOP_ANALYSIS = YES;
				CLANG_WARN_STRICT_PROTOTYPES = YES;
				CLANG_WARN_SUSPICIOUS_MOVE = YES;
				CLANG_WARN_UNGUARDED_AVAILABILITY = YES_AGGRESSIVE;
				CLANG_WARN_UNREACHABLE_CODE = YES;
				CLANG_WARN__DUPLICATE_METHOD_MATCH = YES;
				COPY_PHASE_STRIP = NO;
				DEAD_CODE_STRIPPING = YES;
				DEBUG_INFORMATION_FORMAT = dwarf;
				ENABLE_STRICT_OBJC_MSGSEND = YES;
				ENABLE_TESTABILITY = YES;
				ENABLE_USER_SCRIPT_SANDBOXING = YES;
				GCC_C_LANGUAGE_STANDARD = gnu17;
				GCC_DYNAMIC_NO_PIC = NO;
				GCC_NO_COMMON_BLOCKS = YES;
				GCC_OPTIMIZATION_LEVEL = 0;
				GCC_PREPROCESSOR_DEFINITIONS = (
					"DEBUG=1",
					"$(inherited)",
				);
				GCC_WARN_64_TO_32_BIT_CONVERSION = YES;
				GCC_WARN_ABOUT_RETURN_TYPE = YES_ERROR;
				GCC_WARN_UNDECLARED_SELECTOR = YES;
				GCC_WARN_UNINITIALIZED_AUTOS = YES_AGGRESSIVE;
				GCC_WARN_UNUSED_FUNCTION = YES;
				GCC_WARN_UNUSED_VARIABLE = YES;
				LOCALIZATION_PREFERS_STRING_CATALOGS = YES;
				MTL_ENABLE_DEBUG_INFO = INCLUDE_SOURCE;
				MTL_FAST_MATH = YES;
				ONLY_ACTIVE_ARCH = YES;
				SWIFT_ACTIVE_COMPILATION_CONDITIONS = "DEBUG $(inherited)";
				SWIFT_EMIT_LOC_STRINGS = YES;
				SWIFT_OPTIMIZATION_LEVEL = "-Onone";
			};
			name = Debug;
		};
		071C83E62C66E1CC0055C393 /* Release */ = {
			isa = XCBuildConfiguration;
			baseConfigurationReferenceAnchor = 07F4A1A82DEB2154007A44CC /* Secret */;
			baseConfigurationReferenceRelativePath = Secrets.xcconfig;
			buildSettings = {
				ALWAYS_SEARCH_USER_PATHS = NO;
				ASSETCATALOG_COMPILER_GENERATE_SWIFT_ASSET_SYMBOL_EXTENSIONS = YES;
				CLANG_ANALYZER_LOCALIZABILITY_NONLOCALIZED = YES;
				CLANG_ANALYZER_NONNULL = YES;
				CLANG_ANALYZER_NUMBER_OBJECT_CONVERSION = YES_AGGRESSIVE;
				CLANG_CXX_LANGUAGE_STANDARD = "gnu++20";
				CLANG_ENABLE_MODULES = YES;
				CLANG_ENABLE_OBJC_ARC = YES;
				CLANG_ENABLE_OBJC_WEAK = YES;
				CLANG_WARN_BLOCK_CAPTURE_AUTORELEASING = YES;
				CLANG_WARN_BOOL_CONVERSION = YES;
				CLANG_WARN_COMMA = YES;
				CLANG_WARN_CONSTANT_CONVERSION = YES;
				CLANG_WARN_DEPRECATED_OBJC_IMPLEMENTATIONS = YES;
				CLANG_WARN_DIRECT_OBJC_ISA_USAGE = YES_ERROR;
				CLANG_WARN_DOCUMENTATION_COMMENTS = YES;
				CLANG_WARN_EMPTY_BODY = YES;
				CLANG_WARN_ENUM_CONVERSION = YES;
				CLANG_WARN_INFINITE_RECURSION = YES;
				CLANG_WARN_INT_CONVERSION = YES;
				CLANG_WARN_NON_LITERAL_NULL_CONVERSION = YES;
				CLANG_WARN_OBJC_IMPLICIT_RETAIN_SELF = YES;
				CLANG_WARN_OBJC_LITERAL_CONVERSION = YES;
				CLANG_WARN_OBJC_ROOT_CLASS = YES_ERROR;
				CLANG_WARN_QUOTED_INCLUDE_IN_FRAMEWORK_HEADER = YES;
				CLANG_WARN_RANGE_LOOP_ANALYSIS = YES;
				CLANG_WARN_STRICT_PROTOTYPES = YES;
				CLANG_WARN_SUSPICIOUS_MOVE = YES;
				CLANG_WARN_UNGUARDED_AVAILABILITY = YES_AGGRESSIVE;
				CLANG_WARN_UNREACHABLE_CODE = YES;
				CLANG_WARN__DUPLICATE_METHOD_MATCH = YES;
				COPY_PHASE_STRIP = NO;
				DEAD_CODE_STRIPPING = YES;
				DEBUG_INFORMATION_FORMAT = "dwarf-with-dsym";
				ENABLE_NS_ASSERTIONS = NO;
				ENABLE_STRICT_OBJC_MSGSEND = YES;
				ENABLE_USER_SCRIPT_SANDBOXING = YES;
				GCC_C_LANGUAGE_STANDARD = gnu17;
				GCC_NO_COMMON_BLOCKS = YES;
				GCC_WARN_64_TO_32_BIT_CONVERSION = YES;
				GCC_WARN_ABOUT_RETURN_TYPE = YES_ERROR;
				GCC_WARN_UNDECLARED_SELECTOR = YES;
				GCC_WARN_UNINITIALIZED_AUTOS = YES_AGGRESSIVE;
				GCC_WARN_UNUSED_FUNCTION = YES;
				GCC_WARN_UNUSED_VARIABLE = YES;
				LOCALIZATION_PREFERS_STRING_CATALOGS = YES;
				MTL_ENABLE_DEBUG_INFO = NO;
				MTL_FAST_MATH = YES;
				SWIFT_COMPILATION_MODE = wholemodule;
				SWIFT_EMIT_LOC_STRINGS = YES;
			};
			name = Release;
		};
		071C83E82C66E1CC0055C393 /* Debug */ = {
			isa = XCBuildConfiguration;
			baseConfigurationReferenceAnchor = 07F4A1A82DEB2154007A44CC /* Secret */;
			baseConfigurationReferenceRelativePath = Secrets.xcconfig;
			buildSettings = {
				ASSETCATALOG_COMPILER_APPICON_NAME = AppIcon;
				ASSETCATALOG_COMPILER_GLOBAL_ACCENT_COLOR_NAME = AccentColor;
				ASSETCATALOG_COMPILER_INCLUDE_ALL_APPICON_ASSETS = NO;
				CODE_SIGN_ENTITLEMENTS = Prelude/Resources/Info/Prelude.entitlements;
				CODE_SIGN_IDENTITY = "Apple Development";
				"CODE_SIGN_IDENTITY[sdk=iphoneos*]" = "iPhone Developer";
				CODE_SIGN_STYLE = Manual;
				CURRENT_PROJECT_VERSION = 16;
				DEAD_CODE_STRIPPING = YES;
				DEVELOPMENT_ASSET_PATHS = "\"Prelude/Preview Content\"";
				DEVELOPMENT_TEAM = "";
				"DEVELOPMENT_TEAM[sdk=iphoneos*]" = VGKCD7Q8NW;
				ENABLE_HARDENED_RUNTIME = YES;
				ENABLE_PREVIEWS = YES;
				GENERATE_INFOPLIST_FILE = YES;
				INFOPLIST_FILE = Prelude/Resources/Info/Info.plist;
				INFOPLIST_KEY_CFBundleDisplayName = Prelude;
				INFOPLIST_KEY_LSApplicationCategoryType = "public.app-category.healthcare-fitness";
				INFOPLIST_KEY_NSCameraUsageDescription = "";
				INFOPLIST_KEY_NSUserTrackingUsageDescription = "";
				"INFOPLIST_KEY_UIApplicationSceneManifest_Generation[sdk=iphoneos*]" = YES;
				"INFOPLIST_KEY_UIApplicationSceneManifest_Generation[sdk=iphonesimulator*]" = YES;
				"INFOPLIST_KEY_UIApplicationSupportsIndirectInputEvents[sdk=iphoneos*]" = YES;
				"INFOPLIST_KEY_UIApplicationSupportsIndirectInputEvents[sdk=iphonesimulator*]" = YES;
				"INFOPLIST_KEY_UILaunchScreen_Generation[sdk=iphoneos*]" = YES;
				"INFOPLIST_KEY_UILaunchScreen_Generation[sdk=iphonesimulator*]" = YES;
				"INFOPLIST_KEY_UIStatusBarStyle[sdk=iphoneos*]" = UIStatusBarStyleDefault;
				"INFOPLIST_KEY_UIStatusBarStyle[sdk=iphonesimulator*]" = UIStatusBarStyleDefault;
				INFOPLIST_KEY_UISupportedInterfaceOrientations = UIInterfaceOrientationPortrait;
				INFOPLIST_KEY_UISupportedInterfaceOrientations_iPad = "UIInterfaceOrientationLandscapeLeft UIInterfaceOrientationLandscapeRight UIInterfaceOrientationPortrait UIInterfaceOrientationPortraitUpsideDown";
				IPHONEOS_DEPLOYMENT_TARGET = 17.0;
				LD_RUNPATH_SEARCH_PATHS = "@executable_path/Frameworks";
				"LD_RUNPATH_SEARCH_PATHS[sdk=macosx*]" = "@executable_path/../Frameworks";
				MACOSX_DEPLOYMENT_TARGET = 14.1;
				MARKETING_VERSION = 1.09;
				PRODUCT_BUNDLE_IDENTIFIER = Eric.motive.prelude;
				PRODUCT_NAME = "$(TARGET_NAME)";
				PROVISIONING_PROFILE_SPECIFIER = "";
				"PROVISIONING_PROFILE_SPECIFIER[sdk=iphoneos*]" = Prelude_Dev;
				SDKROOT = auto;
				SUPPORTED_PLATFORMS = "iphoneos iphonesimulator";
				SUPPORTS_MACCATALYST = NO;
				SWIFT_EMIT_LOC_STRINGS = YES;
				SWIFT_VERSION = 5.0;
				TARGETED_DEVICE_FAMILY = 1;
			};
			name = Debug;
		};
		071C83E92C66E1CC0055C393 /* Release */ = {
			isa = XCBuildConfiguration;
			baseConfigurationReferenceAnchor = 07F4A1A82DEB2154007A44CC /* Secret */;
			baseConfigurationReferenceRelativePath = Secrets.xcconfig;
			buildSettings = {
				ASSETCATALOG_COMPILER_APPICON_NAME = AppIcon;
				ASSETCATALOG_COMPILER_GLOBAL_ACCENT_COLOR_NAME = AccentColor;
				ASSETCATALOG_COMPILER_INCLUDE_ALL_APPICON_ASSETS = NO;
				CODE_SIGN_ENTITLEMENTS = Prelude/Resources/Info/Prelude.entitlements;
				CODE_SIGN_IDENTITY = "Apple Development";
				"CODE_SIGN_IDENTITY[sdk=iphoneos*]" = "iPhone Developer";
				CODE_SIGN_STYLE = Manual;
				CURRENT_PROJECT_VERSION = 16;
				DEAD_CODE_STRIPPING = YES;
				DEVELOPMENT_ASSET_PATHS = "\"Prelude/Preview Content\"";
				DEVELOPMENT_TEAM = "";
				"DEVELOPMENT_TEAM[sdk=iphoneos*]" = VGKCD7Q8NW;
				ENABLE_HARDENED_RUNTIME = YES;
				ENABLE_PREVIEWS = YES;
				GENERATE_INFOPLIST_FILE = YES;
				INFOPLIST_FILE = Prelude/Resources/Info/Info.plist;
				INFOPLIST_KEY_CFBundleDisplayName = Prelude;
				INFOPLIST_KEY_LSApplicationCategoryType = "public.app-category.healthcare-fitness";
				INFOPLIST_KEY_NSCameraUsageDescription = "";
				INFOPLIST_KEY_NSUserTrackingUsageDescription = "";
				"INFOPLIST_KEY_UIApplicationSceneManifest_Generation[sdk=iphoneos*]" = YES;
				"INFOPLIST_KEY_UIApplicationSceneManifest_Generation[sdk=iphonesimulator*]" = YES;
				"INFOPLIST_KEY_UIApplicationSupportsIndirectInputEvents[sdk=iphoneos*]" = YES;
				"INFOPLIST_KEY_UIApplicationSupportsIndirectInputEvents[sdk=iphonesimulator*]" = YES;
				"INFOPLIST_KEY_UILaunchScreen_Generation[sdk=iphoneos*]" = YES;
				"INFOPLIST_KEY_UILaunchScreen_Generation[sdk=iphonesimulator*]" = YES;
				"INFOPLIST_KEY_UIStatusBarStyle[sdk=iphoneos*]" = UIStatusBarStyleDefault;
				"INFOPLIST_KEY_UIStatusBarStyle[sdk=iphonesimulator*]" = UIStatusBarStyleDefault;
				INFOPLIST_KEY_UISupportedInterfaceOrientations = UIInterfaceOrientationPortrait;
				INFOPLIST_KEY_UISupportedInterfaceOrientations_iPad = "UIInterfaceOrientationLandscapeLeft UIInterfaceOrientationLandscapeRight UIInterfaceOrientationPortrait UIInterfaceOrientationPortraitUpsideDown";
				IPHONEOS_DEPLOYMENT_TARGET = 17.0;
				LD_RUNPATH_SEARCH_PATHS = "@executable_path/Frameworks";
				"LD_RUNPATH_SEARCH_PATHS[sdk=macosx*]" = "@executable_path/../Frameworks";
				MACOSX_DEPLOYMENT_TARGET = 14.1;
				MARKETING_VERSION = 1.09;
				PRODUCT_BUNDLE_IDENTIFIER = Eric.motive.prelude;
				PRODUCT_NAME = "$(TARGET_NAME)";
				PROVISIONING_PROFILE_SPECIFIER = "";
				"PROVISIONING_PROFILE_SPECIFIER[sdk=iphoneos*]" = Prelude_Dev;
				SDKROOT = auto;
				SUPPORTED_PLATFORMS = "iphoneos iphonesimulator";
				SUPPORTS_MACCATALYST = NO;
				SWIFT_EMIT_LOC_STRINGS = YES;
				SWIFT_VERSION = 5.0;
				TARGETED_DEVICE_FAMILY = 1;
			};
			name = Release;
		};
/* End XCBuildConfiguration section */

/* Begin XCConfigurationList section */
		071C83D32C66E1CB0055C393 /* Build configuration list for PBXProject "Prelude" */ = {
			isa = XCConfigurationList;
			buildConfigurations = (
				071C83E52C66E1CC0055C393 /* Debug */,
				071C83E62C66E1CC0055C393 /* Release */,
			);
			defaultConfigurationIsVisible = 0;
			defaultConfigurationName = Release;
		};
		071C83E72C66E1CC0055C393 /* Build configuration list for PBXNativeTarget "Prelude" */ = {
			isa = XCConfigurationList;
			buildConfigurations = (
				071C83E82C66E1CC0055C393 /* Debug */,
				071C83E92C66E1CC0055C393 /* Release */,
			);
			defaultConfigurationIsVisible = 0;
			defaultConfigurationName = Release;
		};
/* End XCConfigurationList section */

/* Begin XCRemoteSwiftPackageReference section */
		071A555A2DDAFB520031F2A9 /* XCRemoteSwiftPackageReference "swift-collections" */ = {
			isa = XCRemoteSwiftPackageReference;
			repositoryURL = "https://github.com/apple/swift-collections.git";
			requirement = {
				kind = exactVersion;
				version = 1.1.4;
			};
		};
		074148CB2C67F66100D79562 /* XCRemoteSwiftPackageReference "lottie-ios" */ = {
			isa = XCRemoteSwiftPackageReference;
			repositoryURL = "https://github.com/airbnb/lottie-ios.git";
			requirement = {
				kind = exactVersion;
				version = 4.5.0;
			};
		};
		077456232DC78D920043D491 /* XCRemoteSwiftPackageReference "swift-composable-architecture" */ = {
			isa = XCRemoteSwiftPackageReference;
			repositoryURL = "https://github.com/pointfreeco/swift-composable-architecture.git";
			requirement = {
				kind = exactVersion;
				version = 1.19.1;
			};
		};
		077E44032D030A5E006B9CF6 /* XCRemoteSwiftPackageReference "firebase-ios-sdk" */ = {
			isa = XCRemoteSwiftPackageReference;
			repositoryURL = "https://github.com/firebase/firebase-ios-sdk.git";
			requirement = {
				kind = exactVersion;
				version = 11.6.0;
			};
		};
/* End XCRemoteSwiftPackageReference section */

/* Begin XCSwiftPackageProductDependency section */
		0703304D2D4EE207007ACCC0 /* FirebaseVertexAI */ = {
			isa = XCSwiftPackageProductDependency;
			package = 077E44032D030A5E006B9CF6 /* XCRemoteSwiftPackageReference "firebase-ios-sdk" */;
			productName = FirebaseVertexAI;
		};
		071A555B2DDAFB520031F2A9 /* Collections */ = {
			isa = XCSwiftPackageProductDependency;
			package = 071A555A2DDAFB520031F2A9 /* XCRemoteSwiftPackageReference "swift-collections" */;
			productName = Collections;
		};
		074148CC2C67F66100D79562 /* Lottie */ = {
			isa = XCSwiftPackageProductDependency;
			package = 074148CB2C67F66100D79562 /* XCRemoteSwiftPackageReference "lottie-ios" */;
			productName = Lottie;
		};
		077456242DC78D920043D491 /* ComposableArchitecture */ = {
			isa = XCSwiftPackageProductDependency;
			package = 077456232DC78D920043D491 /* XCRemoteSwiftPackageReference "swift-composable-architecture" */;
			productName = ComposableArchitecture;
		};
		077E44042D030A5E006B9CF6 /* FirebaseAnalytics */ = {
			isa = XCSwiftPackageProductDependency;
			package = 077E44032D030A5E006B9CF6 /* XCRemoteSwiftPackageReference "firebase-ios-sdk" */;
			productName = FirebaseAnalytics;
		};
		077E44062D030A5E006B9CF6 /* FirebaseAuth */ = {
			isa = XCSwiftPackageProductDependency;
			package = 077E44032D030A5E006B9CF6 /* XCRemoteSwiftPackageReference "firebase-ios-sdk" */;
			productName = FirebaseAuth;
		};
		077E44082D030A5E006B9CF6 /* FirebaseCore */ = {
			isa = XCSwiftPackageProductDependency;
			package = 077E44032D030A5E006B9CF6 /* XCRemoteSwiftPackageReference "firebase-ios-sdk" */;
			productName = FirebaseCore;
		};
		077E440A2D030A5E006B9CF6 /* FirebaseCrashlytics */ = {
			isa = XCSwiftPackageProductDependency;
			package = 077E44032D030A5E006B9CF6 /* XCRemoteSwiftPackageReference "firebase-ios-sdk" */;
			productName = FirebaseCrashlytics;
		};
		077E440C2D030A5E006B9CF6 /* FirebaseFirestore */ = {
			isa = XCSwiftPackageProductDependency;
			package = 077E44032D030A5E006B9CF6 /* XCRemoteSwiftPackageReference "firebase-ios-sdk" */;
			productName = FirebaseFirestore;
		};
		077E440E2D030A5E006B9CF6 /* FirebaseFunctions */ = {
			isa = XCSwiftPackageProductDependency;
			package = 077E44032D030A5E006B9CF6 /* XCRemoteSwiftPackageReference "firebase-ios-sdk" */;
			productName = FirebaseFunctions;
		};
/* End XCSwiftPackageProductDependency section */
	};
	rootObject = 071C83D02C66E1CB0055C393 /* Project object */;
}
